PODS:
  - Alamofire (5.0.2)
  - Charts (3.4.0):
    - Charts/Core (= 3.4.0)
  - Charts/Core (3.4.0)
  - Realm (4.3.2):
    - Realm/Headers (= 4.3.2)
  - Realm/Headers (4.3.2)
  - RealmSwift (4.3.2):
    - Realm (= 4.3.2)

DEPENDENCIES:
  - Alamofire
  - Charts
  - RealmSwift

SPEC REPOS:
  trunk:
    - Alamofire
    - Charts
    - Realm
    - RealmSwift

SPEC CHECKSUMS:
  Alamofire: 3ba7a4db18b4f62c4a1c0e1cb39d7f3d52e10ada
  Charts: 74c9f256eaf0460c0c416522d1cf8c634ea6b286
  Realm: 5e92902e2875dff4bb0fd02f67bb737c3d5db2bc
  RealmSwift: 9a360fc7bae04fc2e308a34fbd899d5faa2d6b22

PODFILE CHECKSUM: 1c1aa85073fd0654b5143a361b98e11f7ac79211

COCOAPODS: 1.9.0.beta.2
