// !$*UTF8*$!
{
	archiveVersion = 1;
	classes = {
	};
	objectVersion = 51;
	objects = {

/* Begin PBXBuildFile section */
		0B0B25900BEF1F111F8F38A5 /* Pods_Dramaq2020Tests.framework in Frameworks */ = {isa = PBXBuildFile; fileRef = 9E96BFC1DA69D60EE75CBEB0 /* Pods_Dramaq2020Tests.framework */; };
		1501495824196A540064D04C /* AddRecordChildVC+Location.swift in Sources */ = {isa = PBXBuildFile; fileRef = 1501495724196A540064D04C /* AddRecordChildVC+Location.swift */; };
		15014982241BC7930064D04C /* AccountViewController.swift in Sources */ = {isa = PBXBuildFile; fileRef = 15014981241BC7930064D04C /* AccountViewController.swift */; };
		15092A20241947740044D973 /* NetworkService.swift in Sources */ = {isa = PBXBuildFile; fileRef = 15092A1F241947740044D973 /* NetworkService.swift */; };
		15092A222419521F0044D973 /* AddRecordChildVC+NearbyPlaces.swift in Sources */ = {isa = PBXBuildFile; fileRef = 15092A212419521F0044D973 /* AddRecordChildVC+NearbyPlaces.swift */; };
		15180831241F9AE50049920D /* UIApplication+Extension.swift in Sources */ = {isa = PBXBuildFile; fileRef = 15180830241F9AE50049920D /* UIApplication+Extension.swift */; };
		1558BC5324115AB50072DB26 /* AppDelegate.swift in Sources */ = {isa = PBXBuildFile; fileRef = 1558BC5224115AB50072DB26 /* AppDelegate.swift */; };
		1558BC5524115AB50072DB26 /* SceneDelegate.swift in Sources */ = {isa = PBXBuildFile; fileRef = 1558BC5424115AB50072DB26 /* SceneDelegate.swift */; };
		1558BC5A24115AB50072DB26 /* Main.storyboard in Resources */ = {isa = PBXBuildFile; fileRef = 1558BC5824115AB50072DB26 /* Main.storyboard */; };
		1558BC5C24115ABA0072DB26 /* Assets.xcassets in Resources */ = {isa = PBXBuildFile; fileRef = 1558BC5B24115ABA0072DB26 /* Assets.xcassets */; };
		1558BC5F24115ABA0072DB26 /* LaunchScreen.storyboard in Resources */ = {isa = PBXBuildFile; fileRef = 1558BC5D24115ABA0072DB26 /* LaunchScreen.storyboard */; };
		1558BC6A24115ABB0072DB26 /* Dramaq2020Tests.swift in Sources */ = {isa = PBXBuildFile; fileRef = 1558BC6924115ABB0072DB26 /* Dramaq2020Tests.swift */; };
		1558BC7524115ABB0072DB26 /* Dramaq2020UITests.swift in Sources */ = {isa = PBXBuildFile; fileRef = 1558BC7424115ABB0072DB26 /* Dramaq2020UITests.swift */; };
		1558BC8F24115AE90072DB26 /* Arrow.swift in Sources */ = {isa = PBXBuildFile; fileRef = 1558BC8224115AE60072DB26 /* Arrow.swift */; };
		1558BC9024115AE90072DB26 /* HomeController+TableView.swift in Sources */ = {isa = PBXBuildFile; fileRef = 1558BC8324115AE60072DB26 /* HomeController+TableView.swift */; };
		1558BC9124115AE90072DB26 /* MenuViewController.swift in Sources */ = {isa = PBXBuildFile; fileRef = 1558BC8424115AE60072DB26 /* MenuViewController.swift */; };
		1558BC9224115AE90072DB26 /* MenuViewCell.swift in Sources */ = {isa = PBXBuildFile; fileRef = 1558BC8524115AE60072DB26 /* MenuViewCell.swift */; };
		1558BC9324115AE90072DB26 /* AddRecordChildVC.swift in Sources */ = {isa = PBXBuildFile; fileRef = 1558BC8624115AE70072DB26 /* AddRecordChildVC.swift */; };
		1558BC9424115AE90072DB26 /* HomeController.swift in Sources */ = {isa = PBXBuildFile; fileRef = 1558BC8724115AE70072DB26 /* HomeController.swift */; };
		1558BC9524115AE90072DB26 /* RealmRecord.swift in Sources */ = {isa = PBXBuildFile; fileRef = 1558BC8824115AE70072DB26 /* RealmRecord.swift */; };
		1558BC9624115AE90072DB26 /* DateSectionView.swift in Sources */ = {isa = PBXBuildFile; fileRef = 1558BC8924115AE80072DB26 /* DateSectionView.swift */; };
		1558BC9724115AE90072DB26 /* Record.swift in Sources */ = {isa = PBXBuildFile; fileRef = 1558BC8A24115AE80072DB26 /* Record.swift */; };
		1558BC9824115AE90072DB26 /* MenuButton.swift in Sources */ = {isa = PBXBuildFile; fileRef = 1558BC8B24115AE80072DB26 /* MenuButton.swift */; };
		1558BC9924115AE90072DB26 /* CategoryView.swift in Sources */ = {isa = PBXBuildFile; fileRef = 1558BC8C24115AE90072DB26 /* CategoryView.swift */; };
		1558BC9A24115AE90072DB26 /* RecordViewCell.swift in Sources */ = {isa = PBXBuildFile; fileRef = 1558BC8D24115AE90072DB26 /* RecordViewCell.swift */; };
		1558BC9B24115AE90072DB26 /* FrequentRecord.swift in Sources */ = {isa = PBXBuildFile; fileRef = 1558BC8E24115AE90072DB26 /* FrequentRecord.swift */; };
		1558BCA524115AF30072DB26 /* PTLabel.swift in Sources */ = {isa = PBXBuildFile; fileRef = 1558BC9D24115AF30072DB26 /* PTLabel.swift */; };
		1558BCA624115AF30072DB26 /* PTStackView.swift in Sources */ = {isa = PBXBuildFile; fileRef = 1558BC9E24115AF30072DB26 /* PTStackView.swift */; };
		1558BCA724115AF30072DB26 /* PTScrollView.swift in Sources */ = {isa = PBXBuildFile; fileRef = 1558BC9F24115AF30072DB26 /* PTScrollView.swift */; };
		1558BCA824115AF30072DB26 /* PTButton.swift in Sources */ = {isa = PBXBuildFile; fileRef = 1558BCA024115AF30072DB26 /* PTButton.swift */; };
		1558BCA924115AF30072DB26 /* PTKeywordsLabel.swift in Sources */ = {isa = PBXBuildFile; fileRef = 1558BCA124115AF30072DB26 /* PTKeywordsLabel.swift */; };
		1558BCAA24115AF30072DB26 /* PTTextField.swift in Sources */ = {isa = PBXBuildFile; fileRef = 1558BCA224115AF30072DB26 /* PTTextField.swift */; };
		1558BCAB24115AF30072DB26 /* PTDate.swift in Sources */ = {isa = PBXBuildFile; fileRef = 1558BCA324115AF30072DB26 /* PTDate.swift */; };
		1558BCAC24115AF30072DB26 /* PTViewController.swift in Sources */ = {isa = PBXBuildFile; fileRef = 1558BCA424115AF30072DB26 /* PTViewController.swift */; };
		1558BCB124115B050072DB26 /* UIView+Extension.swift in Sources */ = {isa = PBXBuildFile; fileRef = 1558BCAD24115B050072DB26 /* UIView+Extension.swift */; };
		1558BCB224115B050072DB26 /* CountingUtilities.swift in Sources */ = {isa = PBXBuildFile; fileRef = 1558BCAE24115B050072DB26 /* CountingUtilities.swift */; };
		1558BCB324115B050072DB26 /* Date+Extension.swift in Sources */ = {isa = PBXBuildFile; fileRef = 1558BCAF24115B050072DB26 /* Date+Extension.swift */; };
		1558BCB424115B050072DB26 /* Constants.swift in Sources */ = {isa = PBXBuildFile; fileRef = 1558BCB024115B050072DB26 /* Constants.swift */; };
		155B33DE24125C5E005D5104 /* ManagingRealm.swift in Sources */ = {isa = PBXBuildFile; fileRef = 155B33DD24125C5E005D5104 /* ManagingRealm.swift */; };
		155B33E02412690C005D5104 /* SearchTextField.swift in Sources */ = {isa = PBXBuildFile; fileRef = 155B33DF2412690B005D5104 /* SearchTextField.swift */; };
		155B33E22412CA8F005D5104 /* ReviewViewController.swift in Sources */ = {isa = PBXBuildFile; fileRef = 155B33E12412CA8F005D5104 /* ReviewViewController.swift */; };
		155B33E42412E7B9005D5104 /* CompactChildViewController.swift in Sources */ = {isa = PBXBuildFile; fileRef = 155B33E32412E7B9005D5104 /* CompactChildViewController.swift */; };
		157C73642413E95400B558CD /* AnalysisViewController.swift in Sources */ = {isa = PBXBuildFile; fileRef = 157C73632413E95400B558CD /* AnalysisViewController.swift */; };
		157C7370241400F100B558CD /* Pods_Dramaq2020.framework in Frameworks */ = {isa = PBXBuildFile; fileRef = C4DC72AF24685F265527E5F2 /* Pods_Dramaq2020.framework */; };
		157C7371241400F100B558CD /* Pods_Dramaq2020.framework in Embed Frameworks */ = {isa = PBXBuildFile; fileRef = C4DC72AF24685F265527E5F2 /* Pods_Dramaq2020.framework */; settings = {ATTRIBUTES = (CodeSignOnCopy, RemoveHeadersOnCopy, ); }; };
		157C7375241400F500B558CD /* Pods_Dramaq2020_Dramaq2020UITests.framework in Embed Frameworks */ = {isa = PBXBuildFile; fileRef = 157C7373241400F500B558CD /* Pods_Dramaq2020_Dramaq2020UITests.framework */; settings = {ATTRIBUTES = (CodeSignOnCopy, RemoveHeadersOnCopy, ); }; };
		157C737C2414561A00B558CD /* HomeController+SearchBar.swift in Sources */ = {isa = PBXBuildFile; fileRef = 157C737B2414561A00B558CD /* HomeController+SearchBar.swift */; };
		157C737E2414567000B558CD /* HomeController+ScrollView.swift in Sources */ = {isa = PBXBuildFile; fileRef = 157C737D2414567000B558CD /* HomeController+ScrollView.swift */; };
		157C73842414F8DF00B558CD /* Onboarding.storyboard in Resources */ = {isa = PBXBuildFile; fileRef = 157C73832414F8DF00B558CD /* Onboarding.storyboard */; };
		159EA94B2411B4CC00F106B2 /* KeywordViewCell.swift in Sources */ = {isa = PBXBuildFile; fileRef = 159EA94A2411B4CC00F106B2 /* KeywordViewCell.swift */; };
		159EA94D2411B60100F106B2 /* AddRecordChildVC+Extension.swift in Sources */ = {isa = PBXBuildFile; fileRef = 159EA94C2411B60100F106B2 /* AddRecordChildVC+Extension.swift */; };
		15ED268C2414FD610029DDDB /* OnboardingViewController.swift in Sources */ = {isa = PBXBuildFile; fileRef = 15ED268B2414FD610029DDDB /* OnboardingViewController.swift */; };
		15ED269324153B970029DDDB /* MenuCell.swift in Sources */ = {isa = PBXBuildFile; fileRef = 15ED269224153B970029DDDB /* MenuCell.swift */; };
		15ED2695241543090029DDDB /* CurrencyTable.swift in Sources */ = {isa = PBXBuildFile; fileRef = 15ED2694241543080029DDDB /* CurrencyTable.swift */; };
		15ED26AC2416B8480029DDDB /* NearByEnum.swift in Sources */ = {isa = PBXBuildFile; fileRef = 15ED26A92416B8480029DDDB /* NearByEnum.swift */; };
		8F016BD9F5F9B990E164F53F /* Pods_Dramaq2020_Dramaq2020UITests.framework in Frameworks */ = {isa = PBXBuildFile; fileRef = 4DC571D8526B45AE922FA71C /* Pods_Dramaq2020_Dramaq2020UITests.framework */; };
/* End PBXBuildFile section */

/* Begin PBXContainerItemProxy section */
		1558BC6624115ABB0072DB26 /* PBXContainerItemProxy */ = {
			isa = PBXContainerItemProxy;
			containerPortal = 1558BC4724115AB50072DB26 /* Project object */;
			proxyType = 1;
			remoteGlobalIDString = 1558BC4E24115AB50072DB26;
			remoteInfo = Dramaq2020;
		};
		1558BC7124115ABB0072DB26 /* PBXContainerItemProxy */ = {
			isa = PBXContainerItemProxy;
			containerPortal = 1558BC4724115AB50072DB26 /* Project object */;
			proxyType = 1;
			remoteGlobalIDString = 1558BC4E24115AB50072DB26;
			remoteInfo = Dramaq2020;
		};
/* End PBXContainerItemProxy section */

/* Begin PBXCopyFilesBuildPhase section */
		157C7372241400F100B558CD /* Embed Frameworks */ = {
			isa = PBXCopyFilesBuildPhase;
			buildActionMask = 2147483647;
			dstPath = "";
			dstSubfolderSpec = 10;
			files = (
				157C7375241400F500B558CD /* Pods_Dramaq2020_Dramaq2020UITests.framework in Embed Frameworks */,
				157C7371241400F100B558CD /* Pods_Dramaq2020.framework in Embed Frameworks */,
			);
			name = "Embed Frameworks";
			runOnlyForDeploymentPostprocessing = 0;
		};
/* End PBXCopyFilesBuildPhase section */

/* Begin PBXFileReference section */
		1501495724196A540064D04C /* AddRecordChildVC+Location.swift */ = {isa = PBXFileReference; lastKnownFileType = sourcecode.swift; path = "AddRecordChildVC+Location.swift"; sourceTree = "<group>"; };
		15014981241BC7930064D04C /* AccountViewController.swift */ = {isa = PBXFileReference; lastKnownFileType = sourcecode.swift; path = AccountViewController.swift; sourceTree = "<group>"; };
		15092A1F241947740044D973 /* NetworkService.swift */ = {isa = PBXFileReference; lastKnownFileType = sourcecode.swift; path = NetworkService.swift; sourceTree = "<group>"; };
		15092A212419521F0044D973 /* AddRecordChildVC+NearbyPlaces.swift */ = {isa = PBXFileReference; lastKnownFileType = sourcecode.swift; path = "AddRecordChildVC+NearbyPlaces.swift"; sourceTree = "<group>"; };
		15180830241F9AE50049920D /* UIApplication+Extension.swift */ = {isa = PBXFileReference; lastKnownFileType = sourcecode.swift; path = "UIApplication+Extension.swift"; sourceTree = "<group>"; };
		1558BC4F24115AB50072DB26 /* Dramaq2020.app */ = {isa = PBXFileReference; explicitFileType = wrapper.application; includeInIndex = 0; path = Dramaq2020.app; sourceTree = BUILT_PRODUCTS_DIR; };
		1558BC5224115AB50072DB26 /* AppDelegate.swift */ = {isa = PBXFileReference; lastKnownFileType = sourcecode.swift; path = AppDelegate.swift; sourceTree = "<group>"; };
		1558BC5424115AB50072DB26 /* SceneDelegate.swift */ = {isa = PBXFileReference; lastKnownFileType = sourcecode.swift; path = SceneDelegate.swift; sourceTree = "<group>"; };
		1558BC5924115AB50072DB26 /* Base */ = {isa = PBXFileReference; lastKnownFileType = file.storyboard; name = Base; path = Base.lproj/Main.storyboard; sourceTree = "<group>"; };
		1558BC5B24115ABA0072DB26 /* Assets.xcassets */ = {isa = PBXFileReference; lastKnownFileType = folder.assetcatalog; path = Assets.xcassets; sourceTree = "<group>"; };
		1558BC5E24115ABA0072DB26 /* Base */ = {isa = PBXFileReference; lastKnownFileType = file.storyboard; name = Base; path = Base.lproj/LaunchScreen.storyboard; sourceTree = "<group>"; };
		1558BC6024115ABA0072DB26 /* Info.plist */ = {isa = PBXFileReference; lastKnownFileType = text.plist.xml; path = Info.plist; sourceTree = "<group>"; };
		1558BC6524115ABB0072DB26 /* Dramaq2020Tests.xctest */ = {isa = PBXFileReference; explicitFileType = wrapper.cfbundle; includeInIndex = 0; path = Dramaq2020Tests.xctest; sourceTree = BUILT_PRODUCTS_DIR; };
		1558BC6924115ABB0072DB26 /* Dramaq2020Tests.swift */ = {isa = PBXFileReference; lastKnownFileType = sourcecode.swift; path = Dramaq2020Tests.swift; sourceTree = "<group>"; };
		1558BC6B24115ABB0072DB26 /* Info.plist */ = {isa = PBXFileReference; lastKnownFileType = text.plist.xml; path = Info.plist; sourceTree = "<group>"; };
		1558BC7024115ABB0072DB26 /* Dramaq2020UITests.xctest */ = {isa = PBXFileReference; explicitFileType = wrapper.cfbundle; includeInIndex = 0; path = Dramaq2020UITests.xctest; sourceTree = BUILT_PRODUCTS_DIR; };
		1558BC7424115ABB0072DB26 /* Dramaq2020UITests.swift */ = {isa = PBXFileReference; lastKnownFileType = sourcecode.swift; path = Dramaq2020UITests.swift; sourceTree = "<group>"; };
		1558BC7624115ABB0072DB26 /* Info.plist */ = {isa = PBXFileReference; lastKnownFileType = text.plist.xml; path = Info.plist; sourceTree = "<group>"; };
		1558BC8224115AE60072DB26 /* Arrow.swift */ = {isa = PBXFileReference; fileEncoding = 4; lastKnownFileType = sourcecode.swift; path = Arrow.swift; sourceTree = "<group>"; };
		1558BC8324115AE60072DB26 /* HomeController+TableView.swift */ = {isa = PBXFileReference; fileEncoding = 4; lastKnownFileType = sourcecode.swift; path = "HomeController+TableView.swift"; sourceTree = "<group>"; };
		1558BC8424115AE60072DB26 /* MenuViewController.swift */ = {isa = PBXFileReference; fileEncoding = 4; lastKnownFileType = sourcecode.swift; path = MenuViewController.swift; sourceTree = "<group>"; };
		1558BC8524115AE60072DB26 /* MenuViewCell.swift */ = {isa = PBXFileReference; fileEncoding = 4; lastKnownFileType = sourcecode.swift; path = MenuViewCell.swift; sourceTree = "<group>"; };
		1558BC8624115AE70072DB26 /* AddRecordChildVC.swift */ = {isa = PBXFileReference; fileEncoding = 4; lastKnownFileType = sourcecode.swift; path = AddRecordChildVC.swift; sourceTree = "<group>"; };
		1558BC8724115AE70072DB26 /* HomeController.swift */ = {isa = PBXFileReference; fileEncoding = 4; lastKnownFileType = sourcecode.swift; path = HomeController.swift; sourceTree = "<group>"; };
		1558BC8824115AE70072DB26 /* RealmRecord.swift */ = {isa = PBXFileReference; fileEncoding = 4; lastKnownFileType = sourcecode.swift; path = RealmRecord.swift; sourceTree = "<group>"; };
		1558BC8924115AE80072DB26 /* DateSectionView.swift */ = {isa = PBXFileReference; fileEncoding = 4; lastKnownFileType = sourcecode.swift; path = DateSectionView.swift; sourceTree = "<group>"; };
		1558BC8A24115AE80072DB26 /* Record.swift */ = {isa = PBXFileReference; fileEncoding = 4; lastKnownFileType = sourcecode.swift; path = Record.swift; sourceTree = "<group>"; };
		1558BC8B24115AE80072DB26 /* MenuButton.swift */ = {isa = PBXFileReference; fileEncoding = 4; lastKnownFileType = sourcecode.swift; path = MenuButton.swift; sourceTree = "<group>"; };
		1558BC8C24115AE90072DB26 /* CategoryView.swift */ = {isa = PBXFileReference; fileEncoding = 4; lastKnownFileType = sourcecode.swift; path = CategoryView.swift; sourceTree = "<group>"; };
		1558BC8D24115AE90072DB26 /* RecordViewCell.swift */ = {isa = PBXFileReference; fileEncoding = 4; lastKnownFileType = sourcecode.swift; path = RecordViewCell.swift; sourceTree = "<group>"; };
		1558BC8E24115AE90072DB26 /* FrequentRecord.swift */ = {isa = PBXFileReference; fileEncoding = 4; lastKnownFileType = sourcecode.swift; path = FrequentRecord.swift; sourceTree = "<group>"; };
		1558BC9D24115AF30072DB26 /* PTLabel.swift */ = {isa = PBXFileReference; fileEncoding = 4; lastKnownFileType = sourcecode.swift; path = PTLabel.swift; sourceTree = "<group>"; };
		1558BC9E24115AF30072DB26 /* PTStackView.swift */ = {isa = PBXFileReference; fileEncoding = 4; lastKnownFileType = sourcecode.swift; path = PTStackView.swift; sourceTree = "<group>"; };
		1558BC9F24115AF30072DB26 /* PTScrollView.swift */ = {isa = PBXFileReference; fileEncoding = 4; lastKnownFileType = sourcecode.swift; path = PTScrollView.swift; sourceTree = "<group>"; };
		1558BCA024115AF30072DB26 /* PTButton.swift */ = {isa = PBXFileReference; fileEncoding = 4; lastKnownFileType = sourcecode.swift; path = PTButton.swift; sourceTree = "<group>"; };
		1558BCA124115AF30072DB26 /* PTKeywordsLabel.swift */ = {isa = PBXFileReference; fileEncoding = 4; lastKnownFileType = sourcecode.swift; path = PTKeywordsLabel.swift; sourceTree = "<group>"; };
		1558BCA224115AF30072DB26 /* PTTextField.swift */ = {isa = PBXFileReference; fileEncoding = 4; lastKnownFileType = sourcecode.swift; path = PTTextField.swift; sourceTree = "<group>"; };
		1558BCA324115AF30072DB26 /* PTDate.swift */ = {isa = PBXFileReference; fileEncoding = 4; lastKnownFileType = sourcecode.swift; path = PTDate.swift; sourceTree = "<group>"; };
		1558BCA424115AF30072DB26 /* PTViewController.swift */ = {isa = PBXFileReference; fileEncoding = 4; lastKnownFileType = sourcecode.swift; path = PTViewController.swift; sourceTree = "<group>"; };
		1558BCAD24115B050072DB26 /* UIView+Extension.swift */ = {isa = PBXFileReference; fileEncoding = 4; lastKnownFileType = sourcecode.swift; path = "UIView+Extension.swift"; sourceTree = "<group>"; };
		1558BCAE24115B050072DB26 /* CountingUtilities.swift */ = {isa = PBXFileReference; fileEncoding = 4; lastKnownFileType = sourcecode.swift; path = CountingUtilities.swift; sourceTree = "<group>"; };
		1558BCAF24115B050072DB26 /* Date+Extension.swift */ = {isa = PBXFileReference; fileEncoding = 4; lastKnownFileType = sourcecode.swift; path = "Date+Extension.swift"; sourceTree = "<group>"; };
		1558BCB024115B050072DB26 /* Constants.swift */ = {isa = PBXFileReference; fileEncoding = 4; lastKnownFileType = sourcecode.swift; path = Constants.swift; sourceTree = "<group>"; };
		1558BCBB24115FA80072DB26 /* RealmSwift.framework */ = {isa = PBXFileReference; explicitFileType = wrapper.framework; path = RealmSwift.framework; sourceTree = BUILT_PRODUCTS_DIR; };
		155B33DD24125C5E005D5104 /* ManagingRealm.swift */ = {isa = PBXFileReference; lastKnownFileType = sourcecode.swift; path = ManagingRealm.swift; sourceTree = "<group>"; };
		155B33DF2412690B005D5104 /* SearchTextField.swift */ = {isa = PBXFileReference; lastKnownFileType = sourcecode.swift; path = SearchTextField.swift; sourceTree = "<group>"; };
		155B33E12412CA8F005D5104 /* ReviewViewController.swift */ = {isa = PBXFileReference; lastKnownFileType = sourcecode.swift; path = ReviewViewController.swift; sourceTree = "<group>"; };
		155B33E32412E7B9005D5104 /* CompactChildViewController.swift */ = {isa = PBXFileReference; lastKnownFileType = sourcecode.swift; path = CompactChildViewController.swift; sourceTree = "<group>"; };
		157C73632413E95400B558CD /* AnalysisViewController.swift */ = {isa = PBXFileReference; lastKnownFileType = sourcecode.swift; path = AnalysisViewController.swift; sourceTree = "<group>"; };
		157C73652414002F00B558CD /* Charts.framework */ = {isa = PBXFileReference; explicitFileType = wrapper.framework; path = Charts.framework; sourceTree = BUILT_PRODUCTS_DIR; };
		157C73692414003200B558CD /* Realm.framework */ = {isa = PBXFileReference; explicitFileType = wrapper.framework; path = Realm.framework; sourceTree = BUILT_PRODUCTS_DIR; };
		157C736C2414003C00B558CD /* RealmSwift.framework */ = {isa = PBXFileReference; explicitFileType = wrapper.framework; path = RealmSwift.framework; sourceTree = BUILT_PRODUCTS_DIR; };
		157C7373241400F500B558CD /* Pods_Dramaq2020_Dramaq2020UITests.framework */ = {isa = PBXFileReference; explicitFileType = wrapper.framework; path = Pods_Dramaq2020_Dramaq2020UITests.framework; sourceTree = BUILT_PRODUCTS_DIR; };
		157C73762414011500B558CD /* Pods_Dramaq2020Tests.framework */ = {isa = PBXFileReference; explicitFileType = wrapper.framework; path = Pods_Dramaq2020Tests.framework; sourceTree = BUILT_PRODUCTS_DIR; };
		157C737B2414561A00B558CD /* HomeController+SearchBar.swift */ = {isa = PBXFileReference; lastKnownFileType = sourcecode.swift; path = "HomeController+SearchBar.swift"; sourceTree = "<group>"; };
		157C737D2414567000B558CD /* HomeController+ScrollView.swift */ = {isa = PBXFileReference; lastKnownFileType = sourcecode.swift; name = "HomeController+ScrollView.swift"; path = "/Users/petrostepoyan/Desktop/Xcode/Dramaq2020/Dramaq2020/HomeController/HomeController+ScrollView.swift"; sourceTree = "<absolute>"; };
		157C73832414F8DF00B558CD /* Onboarding.storyboard */ = {isa = PBXFileReference; lastKnownFileType = file.storyboard; path = Onboarding.storyboard; sourceTree = "<group>"; };
		1591686424130B100026B06D /* Realm.framework */ = {isa = PBXFileReference; explicitFileType = wrapper.framework; path = Realm.framework; sourceTree = BUILT_PRODUCTS_DIR; };
		1591686824130B130026B06D /* RealmSwift.framework */ = {isa = PBXFileReference; explicitFileType = wrapper.framework; path = RealmSwift.framework; sourceTree = BUILT_PRODUCTS_DIR; };
		159EA94A2411B4CC00F106B2 /* KeywordViewCell.swift */ = {isa = PBXFileReference; lastKnownFileType = sourcecode.swift; path = KeywordViewCell.swift; sourceTree = "<group>"; };
		159EA94C2411B60100F106B2 /* AddRecordChildVC+Extension.swift */ = {isa = PBXFileReference; lastKnownFileType = sourcecode.swift; path = "AddRecordChildVC+Extension.swift"; sourceTree = "<group>"; };
		15ED268B2414FD610029DDDB /* OnboardingViewController.swift */ = {isa = PBXFileReference; lastKnownFileType = sourcecode.swift; path = OnboardingViewController.swift; sourceTree = "<group>"; };
		15ED269224153B970029DDDB /* MenuCell.swift */ = {isa = PBXFileReference; lastKnownFileType = sourcecode.swift; path = MenuCell.swift; sourceTree = "<group>"; };
		15ED2694241543080029DDDB /* CurrencyTable.swift */ = {isa = PBXFileReference; lastKnownFileType = sourcecode.swift; path = CurrencyTable.swift; sourceTree = "<group>"; };
		15ED26A92416B8480029DDDB /* NearByEnum.swift */ = {isa = PBXFileReference; fileEncoding = 4; lastKnownFileType = sourcecode.swift; path = NearByEnum.swift; sourceTree = "<group>"; };
		2D31E22D8BDD0E6B1F0FAA0F /* Pods-Dramaq2020-Dramaq2020UITests.release.xcconfig */ = {isa = PBXFileReference; includeInIndex = 1; lastKnownFileType = text.xcconfig; name = "Pods-Dramaq2020-Dramaq2020UITests.release.xcconfig"; path = "Target Support Files/Pods-Dramaq2020-Dramaq2020UITests/Pods-Dramaq2020-Dramaq2020UITests.release.xcconfig"; sourceTree = "<group>"; };
		2FB938060C6A5258F2E5BE18 /* Pods-Dramaq2020Tests.release.xcconfig */ = {isa = PBXFileReference; includeInIndex = 1; lastKnownFileType = text.xcconfig; name = "Pods-Dramaq2020Tests.release.xcconfig"; path = "Target Support Files/Pods-Dramaq2020Tests/Pods-Dramaq2020Tests.release.xcconfig"; sourceTree = "<group>"; };
		4DC571D8526B45AE922FA71C /* Pods_Dramaq2020_Dramaq2020UITests.framework */ = {isa = PBXFileReference; explicitFileType = wrapper.framework; includeInIndex = 0; path = Pods_Dramaq2020_Dramaq2020UITests.framework; sourceTree = BUILT_PRODUCTS_DIR; };
		62F7EDF94982B213A6E39ACA /* Pods-Dramaq2020Tests.debug.xcconfig */ = {isa = PBXFileReference; includeInIndex = 1; lastKnownFileType = text.xcconfig; name = "Pods-Dramaq2020Tests.debug.xcconfig"; path = "Target Support Files/Pods-Dramaq2020Tests/Pods-Dramaq2020Tests.debug.xcconfig"; sourceTree = "<group>"; };
		7E87665B5849B156A651FE1C /* Pods-Dramaq2020.release.xcconfig */ = {isa = PBXFileReference; includeInIndex = 1; lastKnownFileType = text.xcconfig; name = "Pods-Dramaq2020.release.xcconfig"; path = "Target Support Files/Pods-Dramaq2020/Pods-Dramaq2020.release.xcconfig"; sourceTree = "<group>"; };
		9E96BFC1DA69D60EE75CBEB0 /* Pods_Dramaq2020Tests.framework */ = {isa = PBXFileReference; explicitFileType = wrapper.framework; includeInIndex = 0; path = Pods_Dramaq2020Tests.framework; sourceTree = BUILT_PRODUCTS_DIR; };
		A2A1499A0E755155B30DEF41 /* Pods-Dramaq2020-Dramaq2020UITests.debug.xcconfig */ = {isa = PBXFileReference; includeInIndex = 1; lastKnownFileType = text.xcconfig; name = "Pods-Dramaq2020-Dramaq2020UITests.debug.xcconfig"; path = "Target Support Files/Pods-Dramaq2020-Dramaq2020UITests/Pods-Dramaq2020-Dramaq2020UITests.debug.xcconfig"; sourceTree = "<group>"; };
		BE2C528CE965951CB08B6A53 /* Pods-Dramaq2020.debug.xcconfig */ = {isa = PBXFileReference; includeInIndex = 1; lastKnownFileType = text.xcconfig; name = "Pods-Dramaq2020.debug.xcconfig"; path = "Target Support Files/Pods-Dramaq2020/Pods-Dramaq2020.debug.xcconfig"; sourceTree = "<group>"; };
		C4DC72AF24685F265527E5F2 /* Pods_Dramaq2020.framework */ = {isa = PBXFileReference; explicitFileType = wrapper.framework; includeInIndex = 0; path = Pods_Dramaq2020.framework; sourceTree = BUILT_PRODUCTS_DIR; };
/* End PBXFileReference section */

/* Begin PBXFrameworksBuildPhase section */
		1558BC4C24115AB50072DB26 /* Frameworks */ = {
			isa = PBXFrameworksBuildPhase;
			buildActionMask = 2147483647;
			files = (
				157C7370241400F100B558CD /* Pods_Dramaq2020.framework in Frameworks */,
			);
			runOnlyForDeploymentPostprocessing = 0;
		};
		1558BC6224115ABB0072DB26 /* Frameworks */ = {
			isa = PBXFrameworksBuildPhase;
			buildActionMask = 2147483647;
			files = (
				0B0B25900BEF1F111F8F38A5 /* Pods_Dramaq2020Tests.framework in Frameworks */,
			);
			runOnlyForDeploymentPostprocessing = 0;
		};
		1558BC6D24115ABB0072DB26 /* Frameworks */ = {
			isa = PBXFrameworksBuildPhase;
			buildActionMask = 2147483647;
			files = (
				8F016BD9F5F9B990E164F53F /* Pods_Dramaq2020_Dramaq2020UITests.framework in Frameworks */,
			);
			runOnlyForDeploymentPostprocessing = 0;
		};
/* End PBXFrameworksBuildPhase section */

/* Begin PBXGroup section */
		1501497C241AA7B80064D04C /* NetworkService */ = {
			isa = PBXGroup;
			children = (
				15092A1F241947740044D973 /* NetworkService.swift */,
				15ED26A92416B8480029DDDB /* NearByEnum.swift */,
			);
			path = NetworkService;
			sourceTree = "<group>";
		};
		1501497D241AA7E40064D04C /* Storyboards */ = {
			isa = PBXGroup;
			children = (
				1558BC5824115AB50072DB26 /* Main.storyboard */,
				157C73832414F8DF00B558CD /* Onboarding.storyboard */,
				1558BC5D24115ABA0072DB26 /* LaunchScreen.storyboard */,
			);
			path = Storyboards;
			sourceTree = "<group>";
		};
		1501497E241AA8160064D04C /* CoreDelegates */ = {
			isa = PBXGroup;
			children = (
				1558BC5224115AB50072DB26 /* AppDelegate.swift */,
				15180830241F9AE50049920D /* UIApplication+Extension.swift */,
				1558BC5424115AB50072DB26 /* SceneDelegate.swift */,
			);
			path = CoreDelegates;
			sourceTree = "<group>";
		};
		15014980241AA8DD0064D04C /* RecordsTableViewSetup */ = {
			isa = PBXGroup;
			children = (
				1558BCB624115E0F0072DB26 /* RecordSetting */,
				1558BCB524115DEE0072DB26 /* DateView */,
			);
			path = RecordsTableViewSetup;
			sourceTree = "<group>";
		};
		1558BC4624115AB50072DB26 = {
			isa = PBXGroup;
			children = (
				1558BC5124115AB50072DB26 /* Dramaq2020 */,
				1558BC6824115ABB0072DB26 /* Dramaq2020Tests */,
				1558BC7324115ABB0072DB26 /* Dramaq2020UITests */,
				1558BC5024115AB50072DB26 /* Products */,
				BF2282B3F1C5E55BBD99FCED /* Pods */,
				455E785FCE778EF840FA5D4A /* Frameworks */,
				15ED269A241627870029DDDB /* Recovered References */,
			);
			sourceTree = "<group>";
		};
		1558BC5024115AB50072DB26 /* Products */ = {
			isa = PBXGroup;
			children = (
				1558BC4F24115AB50072DB26 /* Dramaq2020.app */,
				1558BC6524115ABB0072DB26 /* Dramaq2020Tests.xctest */,
				1558BC7024115ABB0072DB26 /* Dramaq2020UITests.xctest */,
			);
			name = Products;
			sourceTree = "<group>";
		};
		1558BC5124115AB50072DB26 /* Dramaq2020 */ = {
			isa = PBXGroup;
			children = (
				15014981241BC7930064D04C /* AccountViewController.swift */,
				1501497D241AA7E40064D04C /* Storyboards */,
				1558BCB724115E410072DB26 /* HomeController */,
				159EA9492411794A00F106B2 /* AddRecordChildVC */,
				15014980241AA8DD0064D04C /* RecordsTableViewSetup */,
				15ED268D24153A380029DDDB /* Settings */,
				157C73822414F8B200B558CD /* OnboardingViewController */,
				157C737F2414F88100B558CD /* AnalysisViewController */,
				157C73812414F8A100B558CD /* ReviewViewController */,
				1501497C241AA7B80064D04C /* NetworkService */,
				159EA9482411794200F106B2 /* Menu */,
				1501497E241AA8160064D04C /* CoreDelegates */,
				1558BC9C24115AF30072DB26 /* PTObjects */,
				1558BCB024115B050072DB26 /* Constants.swift */,
				1558BCAE24115B050072DB26 /* CountingUtilities.swift */,
				155B33DD24125C5E005D5104 /* ManagingRealm.swift */,
				1558BC5B24115ABA0072DB26 /* Assets.xcassets */,
				1558BC6024115ABA0072DB26 /* Info.plist */,
			);
			path = Dramaq2020;
			sourceTree = "<group>";
		};
		1558BC6824115ABB0072DB26 /* Dramaq2020Tests */ = {
			isa = PBXGroup;
			children = (
				1558BC6924115ABB0072DB26 /* Dramaq2020Tests.swift */,
				1558BC6B24115ABB0072DB26 /* Info.plist */,
			);
			path = Dramaq2020Tests;
			sourceTree = "<group>";
		};
		1558BC7324115ABB0072DB26 /* Dramaq2020UITests */ = {
			isa = PBXGroup;
			children = (
				1558BC7424115ABB0072DB26 /* Dramaq2020UITests.swift */,
				1558BC7624115ABB0072DB26 /* Info.plist */,
			);
			path = Dramaq2020UITests;
			sourceTree = "<group>";
		};
		1558BC9C24115AF30072DB26 /* PTObjects */ = {
			isa = PBXGroup;
			children = (
				1558BC9D24115AF30072DB26 /* PTLabel.swift */,
				1558BC9E24115AF30072DB26 /* PTStackView.swift */,
				1558BC9F24115AF30072DB26 /* PTScrollView.swift */,
				1558BCA024115AF30072DB26 /* PTButton.swift */,
				1558BCA124115AF30072DB26 /* PTKeywordsLabel.swift */,
				1558BCA224115AF30072DB26 /* PTTextField.swift */,
				155B33DF2412690B005D5104 /* SearchTextField.swift */,
				1558BCA324115AF30072DB26 /* PTDate.swift */,
				1558BCA424115AF30072DB26 /* PTViewController.swift */,
				1558BCAD24115B050072DB26 /* UIView+Extension.swift */,
			);
			path = PTObjects;
			sourceTree = "<group>";
		};
		1558BCB524115DEE0072DB26 /* DateView */ = {
			isa = PBXGroup;
			children = (
				1558BC8924115AE80072DB26 /* DateSectionView.swift */,
				1558BCAF24115B050072DB26 /* Date+Extension.swift */,
			);
			path = DateView;
			sourceTree = "<group>";
		};
		1558BCB624115E0F0072DB26 /* RecordSetting */ = {
			isa = PBXGroup;
			children = (
				1558BC8A24115AE80072DB26 /* Record.swift */,
				1558BC8824115AE70072DB26 /* RealmRecord.swift */,
				1558BC8D24115AE90072DB26 /* RecordViewCell.swift */,
				1558BC8E24115AE90072DB26 /* FrequentRecord.swift */,
			);
			path = RecordSetting;
			sourceTree = "<group>";
		};
		1558BCB724115E410072DB26 /* HomeController */ = {
			isa = PBXGroup;
			children = (
				1558BC8724115AE70072DB26 /* HomeController.swift */,
				1558BC8324115AE60072DB26 /* HomeController+TableView.swift */,
				157C737D2414567000B558CD /* HomeController+ScrollView.swift */,
				157C737B2414561A00B558CD /* HomeController+SearchBar.swift */,
				1558BC8B24115AE80072DB26 /* MenuButton.swift */,
				1558BC8224115AE60072DB26 /* Arrow.swift */,
			);
			path = HomeController;
			sourceTree = "<group>";
		};
		157C737F2414F88100B558CD /* AnalysisViewController */ = {
			isa = PBXGroup;
			children = (
				157C73632413E95400B558CD /* AnalysisViewController.swift */,
			);
			path = AnalysisViewController;
			sourceTree = "<group>";
		};
		157C73812414F8A100B558CD /* ReviewViewController */ = {
			isa = PBXGroup;
			children = (
				155B33E12412CA8F005D5104 /* ReviewViewController.swift */,
			);
			path = ReviewViewController;
			sourceTree = "<group>";
		};
		157C73822414F8B200B558CD /* OnboardingViewController */ = {
			isa = PBXGroup;
			children = (
				15ED268B2414FD610029DDDB /* OnboardingViewController.swift */,
			);
			path = OnboardingViewController;
			sourceTree = "<group>";
		};
		159EA9482411794200F106B2 /* Menu */ = {
			isa = PBXGroup;
			children = (
				1558BC8524115AE60072DB26 /* MenuViewCell.swift */,
				1558BC8424115AE60072DB26 /* MenuViewController.swift */,
			);
			path = Menu;
			sourceTree = "<group>";
		};
		159EA9492411794A00F106B2 /* AddRecordChildVC */ = {
			isa = PBXGroup;
			children = (
				155B33E32412E7B9005D5104 /* CompactChildViewController.swift */,
				1558BC8624115AE70072DB26 /* AddRecordChildVC.swift */,
				1501495724196A540064D04C /* AddRecordChildVC+Location.swift */,
				15092A212419521F0044D973 /* AddRecordChildVC+NearbyPlaces.swift */,
				159EA94C2411B60100F106B2 /* AddRecordChildVC+Extension.swift */,
				1558BC8C24115AE90072DB26 /* CategoryView.swift */,
				159EA94A2411B4CC00F106B2 /* KeywordViewCell.swift */,
			);
			path = AddRecordChildVC;
			sourceTree = "<group>";
		};
		15ED268D24153A380029DDDB /* Settings */ = {
			isa = PBXGroup;
			children = (
				15ED269224153B970029DDDB /* MenuCell.swift */,
				15ED2694241543080029DDDB /* CurrencyTable.swift */,
			);
			path = Settings;
			sourceTree = "<group>";
		};
		15ED269A241627870029DDDB /* Recovered References */ = {
			isa = PBXGroup;
			children = (
				157C7373241400F500B558CD /* Pods_Dramaq2020_Dramaq2020UITests.framework */,
			);
			name = "Recovered References";
			sourceTree = "<group>";
		};
		455E785FCE778EF840FA5D4A /* Frameworks */ = {
			isa = PBXGroup;
			children = (
				157C73762414011500B558CD /* Pods_Dramaq2020Tests.framework */,
				157C736C2414003C00B558CD /* RealmSwift.framework */,
				157C73692414003200B558CD /* Realm.framework */,
				157C73652414002F00B558CD /* Charts.framework */,
				1591686824130B130026B06D /* RealmSwift.framework */,
				1591686424130B100026B06D /* Realm.framework */,
				1558BCBB24115FA80072DB26 /* RealmSwift.framework */,
				C4DC72AF24685F265527E5F2 /* Pods_Dramaq2020.framework */,
				4DC571D8526B45AE922FA71C /* Pods_Dramaq2020_Dramaq2020UITests.framework */,
				9E96BFC1DA69D60EE75CBEB0 /* Pods_Dramaq2020Tests.framework */,
			);
			name = Frameworks;
			sourceTree = "<group>";
		};
		BF2282B3F1C5E55BBD99FCED /* Pods */ = {
			isa = PBXGroup;
			children = (
				BE2C528CE965951CB08B6A53 /* Pods-Dramaq2020.debug.xcconfig */,
				7E87665B5849B156A651FE1C /* Pods-Dramaq2020.release.xcconfig */,
				A2A1499A0E755155B30DEF41 /* Pods-Dramaq2020-Dramaq2020UITests.debug.xcconfig */,
				2D31E22D8BDD0E6B1F0FAA0F /* Pods-Dramaq2020-Dramaq2020UITests.release.xcconfig */,
				62F7EDF94982B213A6E39ACA /* Pods-Dramaq2020Tests.debug.xcconfig */,
				2FB938060C6A5258F2E5BE18 /* Pods-Dramaq2020Tests.release.xcconfig */,
			);
			path = Pods;
			sourceTree = "<group>";
		};
/* End PBXGroup section */

/* Begin PBXNativeTarget section */
		1558BC4E24115AB50072DB26 /* Dramaq2020 */ = {
			isa = PBXNativeTarget;
			buildConfigurationList = 1558BC7924115ABB0072DB26 /* Build configuration list for PBXNativeTarget "Dramaq2020" */;
			buildPhases = (
				A4239C6BADA2CA413D248364 /* [CP] Check Pods Manifest.lock */,
				1558BC4B24115AB50072DB26 /* Sources */,
				1558BC4C24115AB50072DB26 /* Frameworks */,
				1558BC4D24115AB50072DB26 /* Resources */,
				41265C95AD232633BDF6360C /* [CP] Embed Pods Frameworks */,
				1591686324130A190026B06D /* ShellScript */,
				157C7372241400F100B558CD /* Embed Frameworks */,
			);
			buildRules = (
			);
			dependencies = (
			);
			name = Dramaq2020;
			productName = Dramaq2020;
			productReference = 1558BC4F24115AB50072DB26 /* Dramaq2020.app */;
			productType = "com.apple.product-type.application";
		};
		1558BC6424115ABB0072DB26 /* Dramaq2020Tests */ = {
			isa = PBXNativeTarget;
			buildConfigurationList = 1558BC7C24115ABB0072DB26 /* Build configuration list for PBXNativeTarget "Dramaq2020Tests" */;
			buildPhases = (
				825CDA05821881713CBC2072 /* [CP] Check Pods Manifest.lock */,
				1558BC6124115ABB0072DB26 /* Sources */,
				1558BC6224115ABB0072DB26 /* Frameworks */,
				1558BC6324115ABB0072DB26 /* Resources */,
			);
			buildRules = (
			);
			dependencies = (
				1558BC6724115ABB0072DB26 /* PBXTargetDependency */,
			);
			name = Dramaq2020Tests;
			productName = Dramaq2020Tests;
			productReference = 1558BC6524115ABB0072DB26 /* Dramaq2020Tests.xctest */;
			productType = "com.apple.product-type.bundle.unit-test";
		};
		1558BC6F24115ABB0072DB26 /* Dramaq2020UITests */ = {
			isa = PBXNativeTarget;
			buildConfigurationList = 1558BC7F24115ABB0072DB26 /* Build configuration list for PBXNativeTarget "Dramaq2020UITests" */;
			buildPhases = (
				42EA6818B851B0BA98A69F63 /* [CP] Check Pods Manifest.lock */,
				1558BC6C24115ABB0072DB26 /* Sources */,
				1558BC6D24115ABB0072DB26 /* Frameworks */,
				1558BC6E24115ABB0072DB26 /* Resources */,
				EFC6299CFE55861E59EFEBE0 /* [CP] Embed Pods Frameworks */,
			);
			buildRules = (
			);
			dependencies = (
				1558BC7224115ABB0072DB26 /* PBXTargetDependency */,
			);
			name = Dramaq2020UITests;
			productName = Dramaq2020UITests;
			productReference = 1558BC7024115ABB0072DB26 /* Dramaq2020UITests.xctest */;
			productType = "com.apple.product-type.bundle.ui-testing";
		};
/* End PBXNativeTarget section */

/* Begin PBXProject section */
		1558BC4724115AB50072DB26 /* Project object */ = {
			isa = PBXProject;
			attributes = {
				LastSwiftUpdateCheck = 1130;
				LastUpgradeCheck = 1130;
				ORGANIZATIONNAME = "Петрос Тепоян";
				TargetAttributes = {
					1558BC4E24115AB50072DB26 = {
						CreatedOnToolsVersion = 11.3.1;
					};
					1558BC6424115ABB0072DB26 = {
						CreatedOnToolsVersion = 11.3.1;
						TestTargetID = 1558BC4E24115AB50072DB26;
					};
					1558BC6F24115ABB0072DB26 = {
						CreatedOnToolsVersion = 11.3.1;
						TestTargetID = 1558BC4E24115AB50072DB26;
					};
				};
			};
			buildConfigurationList = 1558BC4A24115AB50072DB26 /* Build configuration list for PBXProject "Dramaq2020" */;
			compatibilityVersion = "Xcode 9.3";
			developmentRegion = en;
			hasScannedForEncodings = 0;
			knownRegions = (
				en,
				Base,
			);
			mainGroup = 1558BC4624115AB50072DB26;
			productRefGroup = 1558BC5024115AB50072DB26 /* Products */;
			projectDirPath = "";
			projectRoot = "";
			targets = (
				1558BC4E24115AB50072DB26 /* Dramaq2020 */,
				1558BC6424115ABB0072DB26 /* Dramaq2020Tests */,
				1558BC6F24115ABB0072DB26 /* Dramaq2020UITests */,
			);
		};
/* End PBXProject section */

/* Begin PBXResourcesBuildPhase section */
		1558BC4D24115AB50072DB26 /* Resources */ = {
			isa = PBXResourcesBuildPhase;
			buildActionMask = 2147483647;
			files = (
				1558BC5F24115ABA0072DB26 /* LaunchScreen.storyboard in Resources */,
				1558BC5C24115ABA0072DB26 /* Assets.xcassets in Resources */,
				1558BC5A24115AB50072DB26 /* Main.storyboard in Resources */,
				157C73842414F8DF00B558CD /* Onboarding.storyboard in Resources */,
			);
			runOnlyForDeploymentPostprocessing = 0;
		};
		1558BC6324115ABB0072DB26 /* Resources */ = {
			isa = PBXResourcesBuildPhase;
			buildActionMask = 2147483647;
			files = (
			);
			runOnlyForDeploymentPostprocessing = 0;
		};
		1558BC6E24115ABB0072DB26 /* Resources */ = {
			isa = PBXResourcesBuildPhase;
			buildActionMask = 2147483647;
			files = (
			);
			runOnlyForDeploymentPostprocessing = 0;
		};
/* End PBXResourcesBuildPhase section */

/* Begin PBXShellScriptBuildPhase section */
		1591686324130A190026B06D /* ShellScript */ = {
			isa = PBXShellScriptBuildPhase;
			buildActionMask = 8;
			files = (
			);
			inputFileListPaths = (
			);
			inputPaths = (
			);
			outputFileListPaths = (
			);
			outputPaths = (
			);
			runOnlyForDeploymentPostprocessing = 1;
			shellPath = /bin/sh;
			shellScript = "# Type a script or drag a script file from your workspace to insert its path.\nbash \"${BUILT_PRODUCTS_DIR}/${FRAMEWORKS_FOLDER_PATH}/Realm.framework/strip-frameworks.sh\"\n\n";
		};
		41265C95AD232633BDF6360C /* [CP] Embed Pods Frameworks */ = {
			isa = PBXShellScriptBuildPhase;
			buildActionMask = 2147483647;
			files = (
			);
			inputFileListPaths = (
				"${PODS_ROOT}/Target Support Files/Pods-Dramaq2020/Pods-Dramaq2020-frameworks-${CONFIGURATION}-input-files.xcfilelist",
			);
			name = "[CP] Embed Pods Frameworks";
			outputFileListPaths = (
				"${PODS_ROOT}/Target Support Files/Pods-Dramaq2020/Pods-Dramaq2020-frameworks-${CONFIGURATION}-output-files.xcfilelist",
			);
			runOnlyForDeploymentPostprocessing = 0;
			shellPath = /bin/sh;
			shellScript = "\"${PODS_ROOT}/Target Support Files/Pods-Dramaq2020/Pods-Dramaq2020-frameworks.sh\"\n";
			showEnvVarsInLog = 0;
		};
		42EA6818B851B0BA98A69F63 /* [CP] Check Pods Manifest.lock */ = {
			isa = PBXShellScriptBuildPhase;
			buildActionMask = 2147483647;
			files = (
			);
			inputFileListPaths = (
			);
			inputPaths = (
				"${PODS_PODFILE_DIR_PATH}/Podfile.lock",
				"${PODS_ROOT}/Manifest.lock",
			);
			name = "[CP] Check Pods Manifest.lock";
			outputFileListPaths = (
			);
			outputPaths = (
				"$(DERIVED_FILE_DIR)/Pods-Dramaq2020-Dramaq2020UITests-checkManifestLockResult.txt",
			);
			runOnlyForDeploymentPostprocessing = 0;
			shellPath = /bin/sh;
			shellScript = "diff \"${PODS_PODFILE_DIR_PATH}/Podfile.lock\" \"${PODS_ROOT}/Manifest.lock\" > /dev/null\nif [ $? != 0 ] ; then\n    # print error to STDERR\n    echo \"error: The sandbox is not in sync with the Podfile.lock. Run 'pod install' or update your CocoaPods installation.\" >&2\n    exit 1\nfi\n# This output is used by Xcode 'outputs' to avoid re-running this script phase.\necho \"SUCCESS\" > \"${SCRIPT_OUTPUT_FILE_0}\"\n";
			showEnvVarsInLog = 0;
		};
		825CDA05821881713CBC2072 /* [CP] Check Pods Manifest.lock */ = {
			isa = PBXShellScriptBuildPhase;
			buildActionMask = 2147483647;
			files = (
			);
			inputFileListPaths = (
			);
			inputPaths = (
				"${PODS_PODFILE_DIR_PATH}/Podfile.lock",
				"${PODS_ROOT}/Manifest.lock",
			);
			name = "[CP] Check Pods Manifest.lock";
			outputFileListPaths = (
			);
			outputPaths = (
				"$(DERIVED_FILE_DIR)/Pods-Dramaq2020Tests-checkManifestLockResult.txt",
			);
			runOnlyForDeploymentPostprocessing = 0;
			shellPath = /bin/sh;
			shellScript = "diff \"${PODS_PODFILE_DIR_PATH}/Podfile.lock\" \"${PODS_ROOT}/Manifest.lock\" > /dev/null\nif [ $? != 0 ] ; then\n    # print error to STDERR\n    echo \"error: The sandbox is not in sync with the Podfile.lock. Run 'pod install' or update your CocoaPods installation.\" >&2\n    exit 1\nfi\n# This output is used by Xcode 'outputs' to avoid re-running this script phase.\necho \"SUCCESS\" > \"${SCRIPT_OUTPUT_FILE_0}\"\n";
			showEnvVarsInLog = 0;
		};
		A4239C6BADA2CA413D248364 /* [CP] Check Pods Manifest.lock */ = {
			isa = PBXShellScriptBuildPhase;
			buildActionMask = 2147483647;
			files = (
			);
			inputFileListPaths = (
			);
			inputPaths = (
				"${PODS_PODFILE_DIR_PATH}/Podfile.lock",
				"${PODS_ROOT}/Manifest.lock",
			);
			name = "[CP] Check Pods Manifest.lock";
			outputFileListPaths = (
			);
			outputPaths = (
				"$(DERIVED_FILE_DIR)/Pods-Dramaq2020-checkManifestLockResult.txt",
			);
			runOnlyForDeploymentPostprocessing = 0;
			shellPath = /bin/sh;
			shellScript = "diff \"${PODS_PODFILE_DIR_PATH}/Podfile.lock\" \"${PODS_ROOT}/Manifest.lock\" > /dev/null\nif [ $? != 0 ] ; then\n    # print error to STDERR\n    echo \"error: The sandbox is not in sync with the Podfile.lock. Run 'pod install' or update your CocoaPods installation.\" >&2\n    exit 1\nfi\n# This output is used by Xcode 'outputs' to avoid re-running this script phase.\necho \"SUCCESS\" > \"${SCRIPT_OUTPUT_FILE_0}\"\n";
			showEnvVarsInLog = 0;
		};
		EFC6299CFE55861E59EFEBE0 /* [CP] Embed Pods Frameworks */ = {
			isa = PBXShellScriptBuildPhase;
			buildActionMask = 2147483647;
			files = (
			);
			inputFileListPaths = (
				"${PODS_ROOT}/Target Support Files/Pods-Dramaq2020-Dramaq2020UITests/Pods-Dramaq2020-Dramaq2020UITests-frameworks-${CONFIGURATION}-input-files.xcfilelist",
			);
			name = "[CP] Embed Pods Frameworks";
			outputFileListPaths = (
				"${PODS_ROOT}/Target Support Files/Pods-Dramaq2020-Dramaq2020UITests/Pods-Dramaq2020-Dramaq2020UITests-frameworks-${CONFIGURATION}-output-files.xcfilelist",
			);
			runOnlyForDeploymentPostprocessing = 0;
			shellPath = /bin/sh;
			shellScript = "\"${PODS_ROOT}/Target Support Files/Pods-Dramaq2020-Dramaq2020UITests/Pods-Dramaq2020-Dramaq2020UITests-frameworks.sh\"\n";
			showEnvVarsInLog = 0;
		};
/* End PBXShellScriptBuildPhase section */

/* Begin PBXSourcesBuildPhase section */
		1558BC4B24115AB50072DB26 /* Sources */ = {
			isa = PBXSourcesBuildPhase;
			buildActionMask = 2147483647;
			files = (
				159EA94B2411B4CC00F106B2 /* KeywordViewCell.swift in Sources */,
				1558BC9024115AE90072DB26 /* HomeController+TableView.swift in Sources */,
				1558BC9124115AE90072DB26 /* MenuViewController.swift in Sources */,
				15092A222419521F0044D973 /* AddRecordChildVC+NearbyPlaces.swift in Sources */,
				1558BC9724115AE90072DB26 /* Record.swift in Sources */,
				15092A20241947740044D973 /* NetworkService.swift in Sources */,
				1558BCA624115AF30072DB26 /* PTStackView.swift in Sources */,
				157C737C2414561A00B558CD /* HomeController+SearchBar.swift in Sources */,
				1558BC9224115AE90072DB26 /* MenuViewCell.swift in Sources */,
				155B33E22412CA8F005D5104 /* ReviewViewController.swift in Sources */,
				15014982241BC7930064D04C /* AccountViewController.swift in Sources */,
				1558BC8F24115AE90072DB26 /* Arrow.swift in Sources */,
				159EA94D2411B60100F106B2 /* AddRecordChildVC+Extension.swift in Sources */,
				15180831241F9AE50049920D /* UIApplication+Extension.swift in Sources */,
				1558BCAA24115AF30072DB26 /* PTTextField.swift in Sources */,
				15ED269324153B970029DDDB /* MenuCell.swift in Sources */,
				1558BCB324115B050072DB26 /* Date+Extension.swift in Sources */,
				15ED2695241543090029DDDB /* CurrencyTable.swift in Sources */,
				155B33E02412690C005D5104 /* SearchTextField.swift in Sources */,
				157C73642413E95400B558CD /* AnalysisViewController.swift in Sources */,
				1558BCA724115AF30072DB26 /* PTScrollView.swift in Sources */,
				1558BCAB24115AF30072DB26 /* PTDate.swift in Sources */,
				15ED26AC2416B8480029DDDB /* NearByEnum.swift in Sources */,
				155B33E42412E7B9005D5104 /* CompactChildViewController.swift in Sources */,
				1558BCB424115B050072DB26 /* Constants.swift in Sources */,
				1558BC9424115AE90072DB26 /* HomeController.swift in Sources */,
				1558BC9524115AE90072DB26 /* RealmRecord.swift in Sources */,
				157C737E2414567000B558CD /* HomeController+ScrollView.swift in Sources */,
				1558BCAC24115AF30072DB26 /* PTViewController.swift in Sources */,
				1558BC9B24115AE90072DB26 /* FrequentRecord.swift in Sources */,
				1558BC9A24115AE90072DB26 /* RecordViewCell.swift in Sources */,
				1558BCA924115AF30072DB26 /* PTKeywordsLabel.swift in Sources */,
				1501495824196A540064D04C /* AddRecordChildVC+Location.swift in Sources */,
				155B33DE24125C5E005D5104 /* ManagingRealm.swift in Sources */,
				1558BC9924115AE90072DB26 /* CategoryView.swift in Sources */,
				1558BC5324115AB50072DB26 /* AppDelegate.swift in Sources */,
				1558BC9324115AE90072DB26 /* AddRecordChildVC.swift in Sources */,
				1558BCA524115AF30072DB26 /* PTLabel.swift in Sources */,
				1558BC9624115AE90072DB26 /* DateSectionView.swift in Sources */,
				15ED268C2414FD610029DDDB /* OnboardingViewController.swift in Sources */,
				1558BCA824115AF30072DB26 /* PTButton.swift in Sources */,
				1558BC9824115AE90072DB26 /* MenuButton.swift in Sources */,
				1558BCB124115B050072DB26 /* UIView+Extension.swift in Sources */,
				1558BC5524115AB50072DB26 /* SceneDelegate.swift in Sources */,
				1558BCB224115B050072DB26 /* CountingUtilities.swift in Sources */,
			);
			runOnlyForDeploymentPostprocessing = 0;
		};
		1558BC6124115ABB0072DB26 /* Sources */ = {
			isa = PBXSourcesBuildPhase;
			buildActionMask = 2147483647;
			files = (
				1558BC6A24115ABB0072DB26 /* Dramaq2020Tests.swift in Sources */,
			);
			runOnlyForDeploymentPostprocessing = 0;
		};
		1558BC6C24115ABB0072DB26 /* Sources */ = {
			isa = PBXSourcesBuildPhase;
			buildActionMask = 2147483647;
			files = (
				1558BC7524115ABB0072DB26 /* Dramaq2020UITests.swift in Sources */,
			);
			runOnlyForDeploymentPostprocessing = 0;
		};
/* End PBXSourcesBuildPhase section */

/* Begin PBXTargetDependency section */
		1558BC6724115ABB0072DB26 /* PBXTargetDependency */ = {
			isa = PBXTargetDependency;
			target = 1558BC4E24115AB50072DB26 /* Dramaq2020 */;
			targetProxy = 1558BC6624115ABB0072DB26 /* PBXContainerItemProxy */;
		};
		1558BC7224115ABB0072DB26 /* PBXTargetDependency */ = {
			isa = PBXTargetDependency;
			target = 1558BC4E24115AB50072DB26 /* Dramaq2020 */;
			targetProxy = 1558BC7124115ABB0072DB26 /* PBXContainerItemProxy */;
		};
/* End PBXTargetDependency section */

/* Begin PBXVariantGroup section */
		1558BC5824115AB50072DB26 /* Main.storyboard */ = {
			isa = PBXVariantGroup;
			children = (
				1558BC5924115AB50072DB26 /* Base */,
			);
			name = Main.storyboard;
			sourceTree = "<group>";
		};
		1558BC5D24115ABA0072DB26 /* LaunchScreen.storyboard */ = {
			isa = PBXVariantGroup;
			children = (
				1558BC5E24115ABA0072DB26 /* Base */,
			);
			name = LaunchScreen.storyboard;
			sourceTree = "<group>";
		};
/* End PBXVariantGroup section */

/* Begin XCBuildConfiguration section */
		1558BC7724115ABB0072DB26 /* Debug */ = {
			isa = XCBuildConfiguration;
			buildSettings = {
				ALWAYS_EMBED_SWIFT_STANDARD_LIBRARIES = YES;
				ALWAYS_SEARCH_USER_PATHS = NO;
				CLANG_ANALYZER_NONNULL = YES;
				CLANG_ANALYZER_NUMBER_OBJECT_CONVERSION = YES_AGGRESSIVE;
				CLANG_CXX_LANGUAGE_STANDARD = "gnu++14";
				CLANG_CXX_LIBRARY = "libc++";
				CLANG_ENABLE_MODULES = YES;
				CLANG_ENABLE_OBJC_ARC = YES;
				CLANG_ENABLE_OBJC_WEAK = YES;
				CLANG_WARN_BLOCK_CAPTURE_AUTORELEASING = YES;
				CLANG_WARN_BOOL_CONVERSION = YES;
				CLANG_WARN_COMMA = YES;
				CLANG_WARN_CONSTANT_CONVERSION = YES;
				CLANG_WARN_DEPRECATED_OBJC_IMPLEMENTATIONS = YES;
				CLANG_WARN_DIRECT_OBJC_ISA_USAGE = YES_ERROR;
				CLANG_WARN_DOCUMENTATION_COMMENTS = YES;
				CLANG_WARN_EMPTY_BODY = YES;
				CLANG_WARN_ENUM_CONVERSION = YES;
				CLANG_WARN_INFINITE_RECURSION = YES;
				CLANG_WARN_INT_CONVERSION = YES;
				CLANG_WARN_NON_LITERAL_NULL_CONVERSION = YES;
				CLANG_WARN_OBJC_IMPLICIT_RETAIN_SELF = YES;
				CLANG_WARN_OBJC_LITERAL_CONVERSION = YES;
				CLANG_WARN_OBJC_ROOT_CLASS = YES_ERROR;
				CLANG_WARN_RANGE_LOOP_ANALYSIS = YES;
				CLANG_WARN_STRICT_PROTOTYPES = YES;
				CLANG_WARN_SUSPICIOUS_MOVE = YES;
				CLANG_WARN_UNGUARDED_AVAILABILITY = YES_AGGRESSIVE;
				CLANG_WARN_UNREACHABLE_CODE = YES;
				CLANG_WARN__DUPLICATE_METHOD_MATCH = YES;
				COPY_PHASE_STRIP = NO;
				DEBUG_INFORMATION_FORMAT = dwarf;
				ENABLE_STRICT_OBJC_MSGSEND = YES;
				ENABLE_TESTABILITY = YES;
				GCC_C_LANGUAGE_STANDARD = gnu11;
				GCC_DYNAMIC_NO_PIC = NO;
				GCC_NO_COMMON_BLOCKS = YES;
				GCC_OPTIMIZATION_LEVEL = 0;
				GCC_PREPROCESSOR_DEFINITIONS = (
					"DEBUG=1",
					"$(inherited)",
				);
				GCC_WARN_64_TO_32_BIT_CONVERSION = YES;
				GCC_WARN_ABOUT_RETURN_TYPE = YES_ERROR;
				GCC_WARN_UNDECLARED_SELECTOR = YES;
				GCC_WARN_UNINITIALIZED_AUTOS = YES_AGGRESSIVE;
				GCC_WARN_UNUSED_FUNCTION = YES;
				GCC_WARN_UNUSED_VARIABLE = YES;
				IPHONEOS_DEPLOYMENT_TARGET = 13.2;
				MTL_ENABLE_DEBUG_INFO = INCLUDE_SOURCE;
				MTL_FAST_MATH = YES;
				ONLY_ACTIVE_ARCH = YES;
				SDKROOT = iphoneos;
				SWIFT_ACTIVE_COMPILATION_CONDITIONS = DEBUG;
				SWIFT_OPTIMIZATION_LEVEL = "-Onone";
			};
			name = Debug;
		};
		1558BC7824115ABB0072DB26 /* Release */ = {
			isa = XCBuildConfiguration;
			buildSettings = {
				ALWAYS_EMBED_SWIFT_STANDARD_LIBRARIES = YES;
				ALWAYS_SEARCH_USER_PATHS = NO;
				CLANG_ANALYZER_NONNULL = YES;
				CLANG_ANALYZER_NUMBER_OBJECT_CONVERSION = YES_AGGRESSIVE;
				CLANG_CXX_LANGUAGE_STANDARD = "gnu++14";
				CLANG_CXX_LIBRARY = "libc++";
				CLANG_ENABLE_MODULES = YES;
				CLANG_ENABLE_OBJC_ARC = YES;
				CLANG_ENABLE_OBJC_WEAK = YES;
				CLANG_WARN_BLOCK_CAPTURE_AUTORELEASING = YES;
				CLANG_WARN_BOOL_CONVERSION = YES;
				CLANG_WARN_COMMA = YES;
				CLANG_WARN_CONSTANT_CONVERSION = YES;
				CLANG_WARN_DEPRECATED_OBJC_IMPLEMENTATIONS = YES;
				CLANG_WARN_DIRECT_OBJC_ISA_USAGE = YES_ERROR;
				CLANG_WARN_DOCUMENTATION_COMMENTS = YES;
				CLANG_WARN_EMPTY_BODY = YES;
				CLANG_WARN_ENUM_CONVERSION = YES;
				CLANG_WARN_INFINITE_RECURSION = YES;
				CLANG_WARN_INT_CONVERSION = YES;
				CLANG_WARN_NON_LITERAL_NULL_CONVERSION = YES;
				CLANG_WARN_OBJC_IMPLICIT_RETAIN_SELF = YES;
				CLANG_WARN_OBJC_LITERAL_CONVERSION = YES;
				CLANG_WARN_OBJC_ROOT_CLASS = YES_ERROR;
				CLANG_WARN_RANGE_LOOP_ANALYSIS = YES;
				CLANG_WARN_STRICT_PROTOTYPES = YES;
				CLANG_WARN_SUSPICIOUS_MOVE = YES;
				CLANG_WARN_UNGUARDED_AVAILABILITY = YES_AGGRESSIVE;
				CLANG_WARN_UNREACHABLE_CODE = YES;
				CLANG_WARN__DUPLICATE_METHOD_MATCH = YES;
				COPY_PHASE_STRIP = NO;
				DEBUG_INFORMATION_FORMAT = "dwarf-with-dsym";
				ENABLE_NS_ASSERTIONS = NO;
				ENABLE_STRICT_OBJC_MSGSEND = YES;
				GCC_C_LANGUAGE_STANDARD = gnu11;
				GCC_NO_COMMON_BLOCKS = YES;
				GCC_WARN_64_TO_32_BIT_CONVERSION = YES;
				GCC_WARN_ABOUT_RETURN_TYPE = YES_ERROR;
				GCC_WARN_UNDECLARED_SELECTOR = YES;
				GCC_WARN_UNINITIALIZED_AUTOS = YES_AGGRESSIVE;
				GCC_WARN_UNUSED_FUNCTION = YES;
				GCC_WARN_UNUSED_VARIABLE = YES;
				IPHONEOS_DEPLOYMENT_TARGET = 13.2;
				MTL_ENABLE_DEBUG_INFO = NO;
				MTL_FAST_MATH = YES;
				SDKROOT = iphoneos;
				SWIFT_COMPILATION_MODE = wholemodule;
				SWIFT_OPTIMIZATION_LEVEL = "-O";
				VALIDATE_PRODUCT = YES;
			};
			name = Release;
		};
		1558BC7A24115ABB0072DB26 /* Debug */ = {
			isa = XCBuildConfiguration;
			baseConfigurationReference = BE2C528CE965951CB08B6A53 /* Pods-Dramaq2020.debug.xcconfig */;
			buildSettings = {
				ASSETCATALOG_COMPILER_APPICON_NAME = AppIcon;
				CODE_SIGN_STYLE = Automatic;
				DEVELOPMENT_TEAM = ST2UTHBX5Z;
				INFOPLIST_FILE = Dramaq2020/Info.plist;
				LD_RUNPATH_SEARCH_PATHS = (
					"$(inherited)",
					"@executable_path/Frameworks",
				);
				PRODUCT_BUNDLE_IDENTIFIER = Petros.Dramaq2020;
				PRODUCT_NAME = "$(TARGET_NAME)";
				SWIFT_VERSION = 5.0;
				TARGETED_DEVICE_FAMILY = 1;
			};
			name = Debug;
		};
		1558BC7B24115ABB0072DB26 /* Release */ = {
			isa = XCBuildConfiguration;
			baseConfigurationReference = 7E87665B5849B156A651FE1C /* Pods-Dramaq2020.release.xcconfig */;
			buildSettings = {
				ASSETCATALOG_COMPILER_APPICON_NAME = AppIcon;
				CODE_SIGN_STYLE = Automatic;
				DEVELOPMENT_TEAM = ST2UTHBX5Z;
				INFOPLIST_FILE = Dramaq2020/Info.plist;
				LD_RUNPATH_SEARCH_PATHS = (
					"$(inherited)",
					"@executable_path/Frameworks",
				);
				PRODUCT_BUNDLE_IDENTIFIER = Petros.Dramaq2020;
				PRODUCT_NAME = "$(TARGET_NAME)";
				SWIFT_VERSION = 5.0;
				TARGETED_DEVICE_FAMILY = 1;
			};
			name = Release;
		};
		1558BC7D24115ABB0072DB26 /* Debug */ = {
			isa = XCBuildConfiguration;
			baseConfigurationReference = 62F7EDF94982B213A6E39ACA /* Pods-Dramaq2020Tests.debug.xcconfig */;
			buildSettings = {
				ALWAYS_EMBED_SWIFT_STANDARD_LIBRARIES = YES;
				BUNDLE_LOADER = "$(TEST_HOST)";
				CODE_SIGN_STYLE = Automatic;
				DEVELOPMENT_TEAM = ST2UTHBX5Z;
				INFOPLIST_FILE = Dramaq2020Tests/Info.plist;
				IPHONEOS_DEPLOYMENT_TARGET = 13.2;
				LD_RUNPATH_SEARCH_PATHS = (
					"$(inherited)",
					"@executable_path/Frameworks",
					"@loader_path/Frameworks",
				);
				PRODUCT_BUNDLE_IDENTIFIER = Petros.Dramaq2020Tests;
				PRODUCT_NAME = "$(TARGET_NAME)";
				SWIFT_VERSION = 5.0;
				TARGETED_DEVICE_FAMILY = "1,2";
				TEST_HOST = "$(BUILT_PRODUCTS_DIR)/Dramaq2020.app/Dramaq2020";
			};
			name = Debug;
		};
		1558BC7E24115ABB0072DB26 /* Release */ = {
			isa = XCBuildConfiguration;
			baseConfigurationReference = 2FB938060C6A5258F2E5BE18 /* Pods-Dramaq2020Tests.release.xcconfig */;
			buildSettings = {
				ALWAYS_EMBED_SWIFT_STANDARD_LIBRARIES = YES;
				BUNDLE_LOADER = "$(TEST_HOST)";
				CODE_SIGN_STYLE = Automatic;
				DEVELOPMENT_TEAM = ST2UTHBX5Z;
				INFOPLIST_FILE = Dramaq2020Tests/Info.plist;
				IPHONEOS_DEPLOYMENT_TARGET = 13.2;
				LD_RUNPATH_SEARCH_PATHS = (
					"$(inherited)",
					"@executable_path/Frameworks",
					"@loader_path/Frameworks",
				);
				PRODUCT_BUNDLE_IDENTIFIER = Petros.Dramaq2020Tests;
				PRODUCT_NAME = "$(TARGET_NAME)";
				SWIFT_VERSION = 5.0;
				TARGETED_DEVICE_FAMILY = "1,2";
				TEST_HOST = "$(BUILT_PRODUCTS_DIR)/Dramaq2020.app/Dramaq2020";
			};
			name = Release;
		};
		1558BC8024115ABB0072DB26 /* Debug */ = {
			isa = XCBuildConfiguration;
			baseConfigurationReference = A2A1499A0E755155B30DEF41 /* Pods-Dramaq2020-Dramaq2020UITests.debug.xcconfig */;
			buildSettings = {
				ALWAYS_EMBED_SWIFT_STANDARD_LIBRARIES = YES;
				CODE_SIGN_STYLE = Automatic;
				DEVELOPMENT_TEAM = ST2UTHBX5Z;
				INFOPLIST_FILE = Dramaq2020UITests/Info.plist;
				LD_RUNPATH_SEARCH_PATHS = (
					"$(inherited)",
					"@executable_path/Frameworks",
					"@loader_path/Frameworks",
				);
				PRODUCT_BUNDLE_IDENTIFIER = Petros.Dramaq2020UITests;
				PRODUCT_NAME = "$(TARGET_NAME)";
				SWIFT_VERSION = 5.0;
				TARGETED_DEVICE_FAMILY = "1,2";
				TEST_TARGET_NAME = Dramaq2020;
			};
			name = Debug;
		};
		1558BC8124115ABB0072DB26 /* Release */ = {
			isa = XCBuildConfiguration;
			baseConfigurationReference = 2D31E22D8BDD0E6B1F0FAA0F /* Pods-Dramaq2020-Dramaq2020UITests.release.xcconfig */;
			buildSettings = {
				ALWAYS_EMBED_SWIFT_STANDARD_LIBRARIES = YES;
				CODE_SIGN_STYLE = Automatic;
				DEVELOPMENT_TEAM = ST2UTHBX5Z;
				INFOPLIST_FILE = Dramaq2020UITests/Info.plist;
				LD_RUNPATH_SEARCH_PATHS = (
					"$(inherited)",
					"@executable_path/Frameworks",
					"@loader_path/Frameworks",
				);
				PRODUCT_BUNDLE_IDENTIFIER = Petros.Dramaq2020UITests;
				PRODUCT_NAME = "$(TARGET_NAME)";
				SWIFT_VERSION = 5.0;
				TARGETED_DEVICE_FAMILY = "1,2";
				TEST_TARGET_NAME = Dramaq2020;
			};
			name = Release;
		};
/* End XCBuildConfiguration section */

/* Begin XCConfigurationList section */
		1558BC4A24115AB50072DB26 /* Build configuration list for PBXProject "Dramaq2020" */ = {
			isa = XCConfigurationList;
			buildConfigurations = (
				1558BC7724115ABB0072DB26 /* Debug */,
				1558BC7824115ABB0072DB26 /* Release */,
			);
			defaultConfigurationIsVisible = 0;
			defaultConfigurationName = Release;
		};
		1558BC7924115ABB0072DB26 /* Build configuration list for PBXNativeTarget "Dramaq2020" */ = {
			isa = XCConfigurationList;
			buildConfigurations = (
				1558BC7A24115ABB0072DB26 /* Debug */,
				1558BC7B24115ABB0072DB26 /* Release */,
			);
			defaultConfigurationIsVisible = 0;
			defaultConfigurationName = Release;
		};
		1558BC7C24115ABB0072DB26 /* Build configuration list for PBXNativeTarget "Dramaq2020Tests" */ = {
			isa = XCConfigurationList;
			buildConfigurations = (
				1558BC7D24115ABB0072DB26 /* Debug */,
				1558BC7E24115ABB0072DB26 /* Release */,
			);
			defaultConfigurationIsVisible = 0;
			defaultConfigurationName = Release;
		};
		1558BC7F24115ABB0072DB26 /* Build configuration list for PBXNativeTarget "Dramaq2020UITests" */ = {
			isa = XCConfigurationList;
			buildConfigurations = (
				1558BC8024115ABB0072DB26 /* Debug */,
				1558BC8124115ABB0072DB26 /* Release */,
			);
			defaultConfigurationIsVisible = 0;
			defaultConfigurationName = Release;
		};
/* End XCConfigurationList section */
	};
	rootObject = 1558BC4724115AB50072DB26 /* Project object */;
}
