// !$*UTF8*$!
{
	archiveVersion = 1;
	classes = {
	};
	objectVersion = 50;
	objects = {

/* Begin PBXBuildFile section */
		1501495824196A540064D04C /* AddRecordChildVC+Location.swift in Sources */ = {isa = PBXBuildFile; fileRef = 1501495724196A540064D04C /* AddRecordChildVC+Location.swift */; };
		15014982241BC7930064D04C /* AccountViewController.swift in Sources */ = {isa = PBXBuildFile; fileRef = 15014981241BC7930064D04C /* AccountViewController.swift */; };
		1505BCDC242E0E0A005C1013 /* KeywordCollectionViewCell.swift in Sources */ = {isa = PBXBuildFile; fileRef = 1505BCDB242E0E0A005C1013 /* KeywordCollectionViewCell.swift */; };
		1505BCDE242E82F4005C1013 /* CountForPeriodButton.swift in Sources */ = {isa = PBXBuildFile; fileRef = 1505BCDD242E82F4005C1013 /* CountForPeriodButton.swift */; };
		15092A20241947740044D973 /* NetworkService.swift in Sources */ = {isa = PBXBuildFile; fileRef = 15092A1F241947740044D973 /* NetworkService.swift */; };
		15092A222419521F0044D973 /* AddRecordChildVC+NearbyPlaces.swift in Sources */ = {isa = PBXBuildFile; fileRef = 15092A212419521F0044D973 /* AddRecordChildVC+NearbyPlaces.swift */; };
		15180831241F9AE50049920D /* UIApplication+Extension.swift in Sources */ = {isa = PBXBuildFile; fileRef = 15180830241F9AE50049920D /* UIApplication+Extension.swift */; };
		15180833241FE9480049920D /* NearbyPlaceViewCell.swift in Sources */ = {isa = PBXBuildFile; fileRef = 15180832241FE9480049920D /* NearbyPlaceViewCell.swift */; };
		1519CE772427784E00E225B5 /* Common-Currency.json in Resources */ = {isa = PBXBuildFile; fileRef = 1519CE762427784E00E225B5 /* Common-Currency.json */; };
		1519CE7A242778AA00E225B5 /* CurrencyJSONParsing.swift in Sources */ = {isa = PBXBuildFile; fileRef = 1519CE79242778AA00E225B5 /* CurrencyJSONParsing.swift */; };
		1519CE7D2427A7E600E225B5 /* Onboarding.storyboard in Resources */ = {isa = PBXBuildFile; fileRef = 157C73832414F8DF00B558CD /* Onboarding.storyboard */; };
		1519CE7E2427A7F300E225B5 /* RecordWasAdded.m4a in Resources */ = {isa = PBXBuildFile; fileRef = 1519CE7C2427A51400E225B5 /* RecordWasAdded.m4a */; };
		1519CE822427BEC600E225B5 /* SoundsEnum.swift in Sources */ = {isa = PBXBuildFile; fileRef = 1519CE812427BEC600E225B5 /* SoundsEnum.swift */; };
		1519CE84242891C500E225B5 /* SoundCell.swift in Sources */ = {isa = PBXBuildFile; fileRef = 1519CE83242891C500E225B5 /* SoundCell.swift */; };
		1519CE862428B6EA00E225B5 /* UsernameCell.swift in Sources */ = {isa = PBXBuildFile; fileRef = 1519CE852428B6EA00E225B5 /* UsernameCell.swift */; };
		1519CE8A2428DB7B00E225B5 /* String+Extension.swift in Sources */ = {isa = PBXBuildFile; fileRef = 1519CE892428DB7B00E225B5 /* String+Extension.swift */; };
		1519CE8C2429378300E225B5 /* DetailedAnalysisViewController.swift in Sources */ = {isa = PBXBuildFile; fileRef = 1519CE8B2429378300E225B5 /* DetailedAnalysisViewController.swift */; };
		1543DDEE244D0FB6004C546B /* ReloadingExtension.swift in Sources */ = {isa = PBXBuildFile; fileRef = 1543DDED244D0FB6004C546B /* ReloadingExtension.swift */; };
		1543F6A9242A0512006539EB /* HomeController+SearchBar.swift in Sources */ = {isa = PBXBuildFile; fileRef = 1543F6A8242A0512006539EB /* HomeController+SearchBar.swift */; };
		1543F6AB242A052A006539EB /* HomeController+ScrollView.swift in Sources */ = {isa = PBXBuildFile; fileRef = 1543F6AA242A052A006539EB /* HomeController+ScrollView.swift */; };
		1543F6CD242A1C4F006539EB /* (null) in Embed Frameworks */ = {isa = PBXBuildFile; };
		1558BC5324115AB50072DB26 /* AppDelegate.swift in Sources */ = {isa = PBXBuildFile; fileRef = 1558BC5224115AB50072DB26 /* AppDelegate.swift */; };
		1558BC5524115AB50072DB26 /* SceneDelegate.swift in Sources */ = {isa = PBXBuildFile; fileRef = 1558BC5424115AB50072DB26 /* SceneDelegate.swift */; };
		1558BC5A24115AB50072DB26 /* Main.storyboard in Resources */ = {isa = PBXBuildFile; fileRef = 1558BC5824115AB50072DB26 /* Main.storyboard */; };
		1558BC5C24115ABA0072DB26 /* Assets.xcassets in Resources */ = {isa = PBXBuildFile; fileRef = 1558BC5B24115ABA0072DB26 /* Assets.xcassets */; };
		1558BC5F24115ABA0072DB26 /* LaunchScreen.storyboard in Resources */ = {isa = PBXBuildFile; fileRef = 1558BC5D24115ABA0072DB26 /* LaunchScreen.storyboard */; };
		1558BC6A24115ABB0072DB26 /* Dramaq2020Tests.swift in Sources */ = {isa = PBXBuildFile; fileRef = 1558BC6924115ABB0072DB26 /* Dramaq2020Tests.swift */; };
		1558BC7524115ABB0072DB26 /* Dramaq2020UITests.swift in Sources */ = {isa = PBXBuildFile; fileRef = 1558BC7424115ABB0072DB26 /* Dramaq2020UITests.swift */; };
		1558BC8F24115AE90072DB26 /* Arrow.swift in Sources */ = {isa = PBXBuildFile; fileRef = 1558BC8224115AE60072DB26 /* Arrow.swift */; };
		1558BC9024115AE90072DB26 /* HomeController+TableView.swift in Sources */ = {isa = PBXBuildFile; fileRef = 1558BC8324115AE60072DB26 /* HomeController+TableView.swift */; };
		1558BC9124115AE90072DB26 /* MenuViewController.swift in Sources */ = {isa = PBXBuildFile; fileRef = 1558BC8424115AE60072DB26 /* MenuViewController.swift */; };
		1558BC9224115AE90072DB26 /* MenuViewCell.swift in Sources */ = {isa = PBXBuildFile; fileRef = 1558BC8524115AE60072DB26 /* MenuViewCell.swift */; };
		1558BC9324115AE90072DB26 /* AddRecordChildVC.swift in Sources */ = {isa = PBXBuildFile; fileRef = 1558BC8624115AE70072DB26 /* AddRecordChildVC.swift */; };
		1558BC9424115AE90072DB26 /* HomeController.swift in Sources */ = {isa = PBXBuildFile; fileRef = 1558BC8724115AE70072DB26 /* HomeController.swift */; };
		1558BC9524115AE90072DB26 /* RealmSetting.swift in Sources */ = {isa = PBXBuildFile; fileRef = 1558BC8824115AE70072DB26 /* RealmSetting.swift */; };
		1558BC9624115AE90072DB26 /* DateSectionView.swift in Sources */ = {isa = PBXBuildFile; fileRef = 1558BC8924115AE80072DB26 /* DateSectionView.swift */; };
		1558BC9724115AE90072DB26 /* Record.swift in Sources */ = {isa = PBXBuildFile; fileRef = 1558BC8A24115AE80072DB26 /* Record.swift */; };
		1558BC9824115AE90072DB26 /* MenuButton.swift in Sources */ = {isa = PBXBuildFile; fileRef = 1558BC8B24115AE80072DB26 /* MenuButton.swift */; };
		1558BC9924115AE90072DB26 /* CategoryView.swift in Sources */ = {isa = PBXBuildFile; fileRef = 1558BC8C24115AE90072DB26 /* CategoryView.swift */; };
		1558BC9A24115AE90072DB26 /* RecordViewCell.swift in Sources */ = {isa = PBXBuildFile; fileRef = 1558BC8D24115AE90072DB26 /* RecordViewCell.swift */; };
		1558BC9B24115AE90072DB26 /* FrequentRecord.swift in Sources */ = {isa = PBXBuildFile; fileRef = 1558BC8E24115AE90072DB26 /* FrequentRecord.swift */; };
		1558BCA524115AF30072DB26 /* PTLabel.swift in Sources */ = {isa = PBXBuildFile; fileRef = 1558BC9D24115AF30072DB26 /* PTLabel.swift */; };
		1558BCA624115AF30072DB26 /* PTStackView.swift in Sources */ = {isa = PBXBuildFile; fileRef = 1558BC9E24115AF30072DB26 /* PTStackView.swift */; };
		1558BCA724115AF30072DB26 /* PTScrollView.swift in Sources */ = {isa = PBXBuildFile; fileRef = 1558BC9F24115AF30072DB26 /* PTScrollView.swift */; };
		1558BCA824115AF30072DB26 /* PTButton.swift in Sources */ = {isa = PBXBuildFile; fileRef = 1558BCA024115AF30072DB26 /* PTButton.swift */; };
		1558BCA924115AF30072DB26 /* PTKeywordsLabel.swift in Sources */ = {isa = PBXBuildFile; fileRef = 1558BCA124115AF30072DB26 /* PTKeywordsLabel.swift */; };
		1558BCAA24115AF30072DB26 /* PTTextField.swift in Sources */ = {isa = PBXBuildFile; fileRef = 1558BCA224115AF30072DB26 /* PTTextField.swift */; };
		1558BCAB24115AF30072DB26 /* PTDate.swift in Sources */ = {isa = PBXBuildFile; fileRef = 1558BCA324115AF30072DB26 /* PTDate.swift */; };
		1558BCAC24115AF30072DB26 /* PTViewController.swift in Sources */ = {isa = PBXBuildFile; fileRef = 1558BCA424115AF30072DB26 /* PTViewController.swift */; };
		1558BCB124115B050072DB26 /* UIView+Extension.swift in Sources */ = {isa = PBXBuildFile; fileRef = 1558BCAD24115B050072DB26 /* UIView+Extension.swift */; };
		1558BCB224115B050072DB26 /* CountingUtilities.swift in Sources */ = {isa = PBXBuildFile; fileRef = 1558BCAE24115B050072DB26 /* CountingUtilities.swift */; };
		1558BCB324115B050072DB26 /* Date+Extension.swift in Sources */ = {isa = PBXBuildFile; fileRef = 1558BCAF24115B050072DB26 /* Date+Extension.swift */; };
		1558BCB424115B050072DB26 /* Constants.swift in Sources */ = {isa = PBXBuildFile; fileRef = 1558BCB024115B050072DB26 /* Constants.swift */; };
		155B33DE24125C5E005D5104 /* ManagingRealm.swift in Sources */ = {isa = PBXBuildFile; fileRef = 155B33DD24125C5E005D5104 /* ManagingRealm.swift */; };
		155B33E02412690C005D5104 /* SearchTextField.swift in Sources */ = {isa = PBXBuildFile; fileRef = 155B33DF2412690B005D5104 /* SearchTextField.swift */; };
		155B33E22412CA8F005D5104 /* ReviewViewController.swift in Sources */ = {isa = PBXBuildFile; fileRef = 155B33E12412CA8F005D5104 /* ReviewViewController.swift */; };
		155B33E42412E7B9005D5104 /* CompactChildViewController.swift in Sources */ = {isa = PBXBuildFile; fileRef = 155B33E32412E7B9005D5104 /* CompactChildViewController.swift */; };
		15722B53244DEEE20028082B /* Badge.swift in Sources */ = {isa = PBXBuildFile; fileRef = 15722B52244DEEE20028082B /* Badge.swift */; };
		15722B55244E3D1E0028082B /* Notifications.swift in Sources */ = {isa = PBXBuildFile; fileRef = 15722B54244E3D1E0028082B /* Notifications.swift */; };
		1576D2782423CEED0065FBFA /* AddRecordChildVC+Collection.swift in Sources */ = {isa = PBXBuildFile; fileRef = 1576D2772423CEED0065FBFA /* AddRecordChildVC+Collection.swift */; };
		1576D27A2423D0030065FBFA /* CategoryCollectionViewCell.swift in Sources */ = {isa = PBXBuildFile; fileRef = 1576D2792423D0030065FBFA /* CategoryCollectionViewCell.swift */; };
		1576D27E2423FC180065FBFA /* SummationInRange.swift in Sources */ = {isa = PBXBuildFile; fileRef = 1576D27D2423FC180065FBFA /* SummationInRange.swift */; };
		157C73642413E95400B558CD /* AnalysisViewController.swift in Sources */ = {isa = PBXBuildFile; fileRef = 157C73632413E95400B558CD /* AnalysisViewController.swift */; };
		158A6B91244F0B240078A0E1 /* AddRecordChildVC+RepetitionPicker.swift in Sources */ = {isa = PBXBuildFile; fileRef = 158A6B90244F0B240078A0E1 /* AddRecordChildVC+RepetitionPicker.swift */; };
		158A6B93244F0C080078A0E1 /* RepetitionView.swift in Sources */ = {isa = PBXBuildFile; fileRef = 158A6B92244F0C080078A0E1 /* RepetitionView.swift */; };
		158A6B952450F5BB0078A0E1 /* TableViewCellActions.swift in Sources */ = {isa = PBXBuildFile; fileRef = 158A6B942450F5BB0078A0E1 /* TableViewCellActions.swift */; };
		158A6B972450F5F30078A0E1 /* TableViewAnimations.swift in Sources */ = {isa = PBXBuildFile; fileRef = 158A6B962450F5F30078A0E1 /* TableViewAnimations.swift */; };
		158A6B992450F6EB0078A0E1 /* AddRecordChildVC+Sound.swift in Sources */ = {isa = PBXBuildFile; fileRef = 158A6B982450F6EB0078A0E1 /* AddRecordChildVC+Sound.swift */; };
		159EA94B2411B4CC00F106B2 /* KeywordViewCell.swift in Sources */ = {isa = PBXBuildFile; fileRef = 159EA94A2411B4CC00F106B2 /* KeywordViewCell.swift */; };
		15A07BDD2445E30A00A8F55B /* (null) in Embed Frameworks */ = {isa = PBXBuildFile; settings = {ATTRIBUTES = (CodeSignOnCopy, ); }; };
		15D93D4A2448FCD4006327A5 /* EntriesTableVIew.swift in Sources */ = {isa = PBXBuildFile; fileRef = 15D93D492448FCD4006327A5 /* EntriesTableVIew.swift */; };
		15DF5B9C2445E50F00D20FEE /* Income.swift in Sources */ = {isa = PBXBuildFile; fileRef = 15DF5B9B2445E50F00D20FEE /* Income.swift */; };
		15DF5B9F244639FA00D20FEE /* Entry.swift in Sources */ = {isa = PBXBuildFile; fileRef = 15DF5B9E244639FA00D20FEE /* Entry.swift */; };
		15DF5BA12446EAB600D20FEE /* AddIncomeChildVC.swift in Sources */ = {isa = PBXBuildFile; fileRef = 15DF5BA02446EAB600D20FEE /* AddIncomeChildVC.swift */; };
		15DF5BA42446F40800D20FEE /* AddEntryChildVC.swift in Sources */ = {isa = PBXBuildFile; fileRef = 15DF5BA32446F40800D20FEE /* AddEntryChildVC.swift */; };
		15DF5BA62447B61800D20FEE /* Balance.swift in Sources */ = {isa = PBXBuildFile; fileRef = 15DF5BA52447B61800D20FEE /* Balance.swift */; };
		15DF5BA82447BD3D00D20FEE /* PiggyBank.swift in Sources */ = {isa = PBXBuildFile; fileRef = 15DF5BA72447BD3C00D20FEE /* PiggyBank.swift */; };
		15E8D5C3245603AE00EEE0CA /* HomeController+Notifications.swift in Sources */ = {isa = PBXBuildFile; fileRef = 15E8D5C2245603AE00EEE0CA /* HomeController+Notifications.swift */; };
		15ED268C2414FD610029DDDB /* OnboardingViewController.swift in Sources */ = {isa = PBXBuildFile; fileRef = 15ED268B2414FD610029DDDB /* OnboardingViewController.swift */; };
		15ED269324153B970029DDDB /* MenuCell.swift in Sources */ = {isa = PBXBuildFile; fileRef = 15ED269224153B970029DDDB /* MenuCell.swift */; };
		15ED26AC2416B8480029DDDB /* NearByEnum.swift in Sources */ = {isa = PBXBuildFile; fileRef = 15ED26A92416B8480029DDDB /* NearByEnum.swift */; };
		15EFA6FD24523963008FBE9F /* PurchaseMethod.swift in Sources */ = {isa = PBXBuildFile; fileRef = 15EFA6FC24523963008FBE9F /* PurchaseMethod.swift */; };
		15EFA6FF24523986008FBE9F /* UIImage+Extension.swift in Sources */ = {isa = PBXBuildFile; fileRef = 15EFA6FE24523986008FBE9F /* UIImage+Extension.swift */; };
		15F9DECB242CA60100081D5D /* CategoryKeywords.swift in Sources */ = {isa = PBXBuildFile; fileRef = 15F9DECA242CA60100081D5D /* CategoryKeywords.swift */; };
		1C909B5B808A162FD54583A5 /* libPods-Dramaq2020-Dramaq2020UITests.a in Frameworks */ = {isa = PBXBuildFile; fileRef = DBA50047A800582B7BF09F99 /* libPods-Dramaq2020-Dramaq2020UITests.a */; };
		1D994C6518A65F250190812D /* libPods-Dramaq2020Tests.a in Frameworks */ = {isa = PBXBuildFile; fileRef = 305D1B1CFE1C8D6B68F789B5 /* libPods-Dramaq2020Tests.a */; };
		B090265D177456750DB1E2A6 /* libPods-Dramaq2020.a in Frameworks */ = {isa = PBXBuildFile; fileRef = 23EEBA096109E848C560E218 /* libPods-Dramaq2020.a */; };
/* End PBXBuildFile section */

/* Begin PBXContainerItemProxy section */
		1558BC6624115ABB0072DB26 /* PBXContainerItemProxy */ = {
			isa = PBXContainerItemProxy;
			containerPortal = 1558BC4724115AB50072DB26 /* Project object */;
			proxyType = 1;
			remoteGlobalIDString = 1558BC4E24115AB50072DB26;
			remoteInfo = Dramaq2020;
		};
		1558BC7124115ABB0072DB26 /* PBXContainerItemProxy */ = {
			isa = PBXContainerItemProxy;
			containerPortal = 1558BC4724115AB50072DB26 /* Project object */;
			proxyType = 1;
			remoteGlobalIDString = 1558BC4E24115AB50072DB26;
			remoteInfo = Dramaq2020;
		};
/* End PBXContainerItemProxy section */

/* Begin PBXCopyFilesBuildPhase section */
		1519CE98242A029500E225B5 /* Embed Frameworks */ = {
			isa = PBXCopyFilesBuildPhase;
			buildActionMask = 2147483647;
			dstPath = "";
			dstSubfolderSpec = 10;
			files = (
				15A07BDD2445E30A00A8F55B /* (null) in Embed Frameworks */,
				1543F6CD242A1C4F006539EB /* (null) in Embed Frameworks */,
			);
			name = "Embed Frameworks";
			runOnlyForDeploymentPostprocessing = 0;
		};
/* End PBXCopyFilesBuildPhase section */

/* Begin PBXFileReference section */
		1501495724196A540064D04C /* AddRecordChildVC+Location.swift */ = {isa = PBXFileReference; lastKnownFileType = sourcecode.swift; path = "AddRecordChildVC+Location.swift"; sourceTree = "<group>"; };
		15014981241BC7930064D04C /* AccountViewController.swift */ = {isa = PBXFileReference; indentWidth = 4; lastKnownFileType = sourcecode.swift; path = AccountViewController.swift; sourceTree = "<group>"; tabWidth = 4; wrapsLines = 1; };
		1505BCDB242E0E0A005C1013 /* KeywordCollectionViewCell.swift */ = {isa = PBXFileReference; lastKnownFileType = sourcecode.swift; path = KeywordCollectionViewCell.swift; sourceTree = "<group>"; };
		1505BCDD242E82F4005C1013 /* CountForPeriodButton.swift */ = {isa = PBXFileReference; lastKnownFileType = sourcecode.swift; path = CountForPeriodButton.swift; sourceTree = "<group>"; };
		15092A1F241947740044D973 /* NetworkService.swift */ = {isa = PBXFileReference; lastKnownFileType = sourcecode.swift; path = NetworkService.swift; sourceTree = "<group>"; };
		15092A212419521F0044D973 /* AddRecordChildVC+NearbyPlaces.swift */ = {isa = PBXFileReference; lastKnownFileType = sourcecode.swift; path = "AddRecordChildVC+NearbyPlaces.swift"; sourceTree = "<group>"; };
		15180830241F9AE50049920D /* UIApplication+Extension.swift */ = {isa = PBXFileReference; lastKnownFileType = sourcecode.swift; path = "UIApplication+Extension.swift"; sourceTree = "<group>"; };
		15180832241FE9480049920D /* NearbyPlaceViewCell.swift */ = {isa = PBXFileReference; lastKnownFileType = sourcecode.swift; path = NearbyPlaceViewCell.swift; sourceTree = "<group>"; };
		1519CE762427784E00E225B5 /* Common-Currency.json */ = {isa = PBXFileReference; fileEncoding = 4; lastKnownFileType = text.json; path = "Common-Currency.json"; sourceTree = "<group>"; xcLanguageSpecificationIdentifier = xcode.lang.json; };
		1519CE79242778AA00E225B5 /* CurrencyJSONParsing.swift */ = {isa = PBXFileReference; lastKnownFileType = sourcecode.swift; path = CurrencyJSONParsing.swift; sourceTree = "<group>"; };
		1519CE7C2427A51400E225B5 /* RecordWasAdded.m4a */ = {isa = PBXFileReference; lastKnownFileType = file; path = RecordWasAdded.m4a; sourceTree = "<group>"; };
		1519CE812427BEC600E225B5 /* SoundsEnum.swift */ = {isa = PBXFileReference; lastKnownFileType = sourcecode.swift; path = SoundsEnum.swift; sourceTree = "<group>"; };
		1519CE83242891C500E225B5 /* SoundCell.swift */ = {isa = PBXFileReference; lastKnownFileType = sourcecode.swift; path = SoundCell.swift; sourceTree = "<group>"; };
		1519CE852428B6EA00E225B5 /* UsernameCell.swift */ = {isa = PBXFileReference; lastKnownFileType = sourcecode.swift; path = UsernameCell.swift; sourceTree = "<group>"; };
		1519CE892428DB7B00E225B5 /* String+Extension.swift */ = {isa = PBXFileReference; lastKnownFileType = sourcecode.swift; path = "String+Extension.swift"; sourceTree = "<group>"; };
		1519CE8B2429378300E225B5 /* DetailedAnalysisViewController.swift */ = {isa = PBXFileReference; lastKnownFileType = sourcecode.swift; path = DetailedAnalysisViewController.swift; sourceTree = "<group>"; };
		1519CE8F242A025000E225B5 /* Alamofire.framework */ = {isa = PBXFileReference; explicitFileType = wrapper.framework; path = Alamofire.framework; sourceTree = BUILT_PRODUCTS_DIR; };
		1519CE93242A025400E225B5 /* AUPickerCell.framework */ = {isa = PBXFileReference; explicitFileType = wrapper.framework; path = AUPickerCell.framework; sourceTree = BUILT_PRODUCTS_DIR; };
		1543DDED244D0FB6004C546B /* ReloadingExtension.swift */ = {isa = PBXFileReference; lastKnownFileType = sourcecode.swift; path = ReloadingExtension.swift; sourceTree = "<group>"; };
		1543F6A8242A0512006539EB /* HomeController+SearchBar.swift */ = {isa = PBXFileReference; fileEncoding = 4; lastKnownFileType = sourcecode.swift; path = "HomeController+SearchBar.swift"; sourceTree = "<group>"; };
		1543F6AA242A052A006539EB /* HomeController+ScrollView.swift */ = {isa = PBXFileReference; fileEncoding = 4; lastKnownFileType = sourcecode.swift; path = "HomeController+ScrollView.swift"; sourceTree = "<group>"; };
		1558BC4F24115AB50072DB26 /* Dramaq.app */ = {isa = PBXFileReference; explicitFileType = wrapper.application; includeInIndex = 0; path = Dramaq.app; sourceTree = BUILT_PRODUCTS_DIR; };
		1558BC5224115AB50072DB26 /* AppDelegate.swift */ = {isa = PBXFileReference; lastKnownFileType = sourcecode.swift; path = AppDelegate.swift; sourceTree = "<group>"; };
		1558BC5424115AB50072DB26 /* SceneDelegate.swift */ = {isa = PBXFileReference; lastKnownFileType = sourcecode.swift; path = SceneDelegate.swift; sourceTree = "<group>"; };
		1558BC5924115AB50072DB26 /* Base */ = {isa = PBXFileReference; lastKnownFileType = file.storyboard; name = Base; path = Base.lproj/Main.storyboard; sourceTree = "<group>"; };
		1558BC5B24115ABA0072DB26 /* Assets.xcassets */ = {isa = PBXFileReference; lastKnownFileType = folder.assetcatalog; path = Assets.xcassets; sourceTree = "<group>"; };
		1558BC5E24115ABA0072DB26 /* Base */ = {isa = PBXFileReference; lastKnownFileType = file.storyboard; name = Base; path = Base.lproj/LaunchScreen.storyboard; sourceTree = "<group>"; };
		1558BC6024115ABA0072DB26 /* Info.plist */ = {isa = PBXFileReference; lastKnownFileType = text.plist.xml; path = Info.plist; sourceTree = "<group>"; };
		1558BC6524115ABB0072DB26 /* DramaqTests.xctest */ = {isa = PBXFileReference; explicitFileType = wrapper.cfbundle; includeInIndex = 0; path = DramaqTests.xctest; sourceTree = BUILT_PRODUCTS_DIR; };
		1558BC6924115ABB0072DB26 /* Dramaq2020Tests.swift */ = {isa = PBXFileReference; lastKnownFileType = sourcecode.swift; path = Dramaq2020Tests.swift; sourceTree = "<group>"; };
		1558BC6B24115ABB0072DB26 /* Info.plist */ = {isa = PBXFileReference; lastKnownFileType = text.plist.xml; path = Info.plist; sourceTree = "<group>"; };
		1558BC7024115ABB0072DB26 /* DramaqUITests.xctest */ = {isa = PBXFileReference; explicitFileType = wrapper.cfbundle; includeInIndex = 0; path = DramaqUITests.xctest; sourceTree = BUILT_PRODUCTS_DIR; };
		1558BC7424115ABB0072DB26 /* Dramaq2020UITests.swift */ = {isa = PBXFileReference; lastKnownFileType = sourcecode.swift; path = Dramaq2020UITests.swift; sourceTree = "<group>"; };
		1558BC7624115ABB0072DB26 /* Info.plist */ = {isa = PBXFileReference; lastKnownFileType = text.plist.xml; path = Info.plist; sourceTree = "<group>"; };
		1558BC8224115AE60072DB26 /* Arrow.swift */ = {isa = PBXFileReference; fileEncoding = 4; lastKnownFileType = sourcecode.swift; path = Arrow.swift; sourceTree = "<group>"; };
		1558BC8324115AE60072DB26 /* HomeController+TableView.swift */ = {isa = PBXFileReference; fileEncoding = 4; lastKnownFileType = sourcecode.swift; path = "HomeController+TableView.swift"; sourceTree = "<group>"; };
		1558BC8424115AE60072DB26 /* MenuViewController.swift */ = {isa = PBXFileReference; fileEncoding = 4; lastKnownFileType = sourcecode.swift; path = MenuViewController.swift; sourceTree = "<group>"; };
		1558BC8524115AE60072DB26 /* MenuViewCell.swift */ = {isa = PBXFileReference; fileEncoding = 4; lastKnownFileType = sourcecode.swift; path = MenuViewCell.swift; sourceTree = "<group>"; };
		1558BC8624115AE70072DB26 /* AddRecordChildVC.swift */ = {isa = PBXFileReference; fileEncoding = 4; lastKnownFileType = sourcecode.swift; path = AddRecordChildVC.swift; sourceTree = "<group>"; };
		1558BC8724115AE70072DB26 /* HomeController.swift */ = {isa = PBXFileReference; fileEncoding = 4; lastKnownFileType = sourcecode.swift; path = HomeController.swift; sourceTree = "<group>"; };
		1558BC8824115AE70072DB26 /* RealmSetting.swift */ = {isa = PBXFileReference; fileEncoding = 4; lastKnownFileType = sourcecode.swift; path = RealmSetting.swift; sourceTree = "<group>"; };
		1558BC8924115AE80072DB26 /* DateSectionView.swift */ = {isa = PBXFileReference; fileEncoding = 4; lastKnownFileType = sourcecode.swift; path = DateSectionView.swift; sourceTree = "<group>"; };
		1558BC8A24115AE80072DB26 /* Record.swift */ = {isa = PBXFileReference; fileEncoding = 4; lastKnownFileType = sourcecode.swift; path = Record.swift; sourceTree = "<group>"; };
		1558BC8B24115AE80072DB26 /* MenuButton.swift */ = {isa = PBXFileReference; fileEncoding = 4; lastKnownFileType = sourcecode.swift; path = MenuButton.swift; sourceTree = "<group>"; };
		1558BC8C24115AE90072DB26 /* CategoryView.swift */ = {isa = PBXFileReference; fileEncoding = 4; lastKnownFileType = sourcecode.swift; path = CategoryView.swift; sourceTree = "<group>"; };
		1558BC8D24115AE90072DB26 /* RecordViewCell.swift */ = {isa = PBXFileReference; fileEncoding = 4; lastKnownFileType = sourcecode.swift; path = RecordViewCell.swift; sourceTree = "<group>"; };
		1558BC8E24115AE90072DB26 /* FrequentRecord.swift */ = {isa = PBXFileReference; fileEncoding = 4; lastKnownFileType = sourcecode.swift; path = FrequentRecord.swift; sourceTree = "<group>"; };
		1558BC9D24115AF30072DB26 /* PTLabel.swift */ = {isa = PBXFileReference; fileEncoding = 4; lastKnownFileType = sourcecode.swift; path = PTLabel.swift; sourceTree = "<group>"; };
		1558BC9E24115AF30072DB26 /* PTStackView.swift */ = {isa = PBXFileReference; fileEncoding = 4; lastKnownFileType = sourcecode.swift; path = PTStackView.swift; sourceTree = "<group>"; };
		1558BC9F24115AF30072DB26 /* PTScrollView.swift */ = {isa = PBXFileReference; fileEncoding = 4; lastKnownFileType = sourcecode.swift; path = PTScrollView.swift; sourceTree = "<group>"; };
		1558BCA024115AF30072DB26 /* PTButton.swift */ = {isa = PBXFileReference; fileEncoding = 4; lastKnownFileType = sourcecode.swift; path = PTButton.swift; sourceTree = "<group>"; };
		1558BCA124115AF30072DB26 /* PTKeywordsLabel.swift */ = {isa = PBXFileReference; fileEncoding = 4; lastKnownFileType = sourcecode.swift; path = PTKeywordsLabel.swift; sourceTree = "<group>"; };
		1558BCA224115AF30072DB26 /* PTTextField.swift */ = {isa = PBXFileReference; fileEncoding = 4; lastKnownFileType = sourcecode.swift; path = PTTextField.swift; sourceTree = "<group>"; };
		1558BCA324115AF30072DB26 /* PTDate.swift */ = {isa = PBXFileReference; fileEncoding = 4; lastKnownFileType = sourcecode.swift; path = PTDate.swift; sourceTree = "<group>"; };
		1558BCA424115AF30072DB26 /* PTViewController.swift */ = {isa = PBXFileReference; fileEncoding = 4; lastKnownFileType = sourcecode.swift; path = PTViewController.swift; sourceTree = "<group>"; };
		1558BCAD24115B050072DB26 /* UIView+Extension.swift */ = {isa = PBXFileReference; fileEncoding = 4; lastKnownFileType = sourcecode.swift; path = "UIView+Extension.swift"; sourceTree = "<group>"; };
		1558BCAE24115B050072DB26 /* CountingUtilities.swift */ = {isa = PBXFileReference; fileEncoding = 4; lastKnownFileType = sourcecode.swift; path = CountingUtilities.swift; sourceTree = "<group>"; };
		1558BCAF24115B050072DB26 /* Date+Extension.swift */ = {isa = PBXFileReference; fileEncoding = 4; lastKnownFileType = sourcecode.swift; path = "Date+Extension.swift"; sourceTree = "<group>"; };
		1558BCB024115B050072DB26 /* Constants.swift */ = {isa = PBXFileReference; fileEncoding = 4; lastKnownFileType = sourcecode.swift; path = Constants.swift; sourceTree = "<group>"; };
		1558BCBB24115FA80072DB26 /* RealmSwift.framework */ = {isa = PBXFileReference; explicitFileType = wrapper.framework; path = RealmSwift.framework; sourceTree = BUILT_PRODUCTS_DIR; };
		155B33DD24125C5E005D5104 /* ManagingRealm.swift */ = {isa = PBXFileReference; lastKnownFileType = sourcecode.swift; path = ManagingRealm.swift; sourceTree = "<group>"; };
		155B33DF2412690B005D5104 /* SearchTextField.swift */ = {isa = PBXFileReference; lastKnownFileType = sourcecode.swift; path = SearchTextField.swift; sourceTree = "<group>"; };
		155B33E12412CA8F005D5104 /* ReviewViewController.swift */ = {isa = PBXFileReference; lastKnownFileType = sourcecode.swift; path = ReviewViewController.swift; sourceTree = "<group>"; };
		155B33E32412E7B9005D5104 /* CompactChildViewController.swift */ = {isa = PBXFileReference; lastKnownFileType = sourcecode.swift; path = CompactChildViewController.swift; sourceTree = "<group>"; };
		15722B52244DEEE20028082B /* Badge.swift */ = {isa = PBXFileReference; lastKnownFileType = sourcecode.swift; path = Badge.swift; sourceTree = "<group>"; };
		15722B54244E3D1E0028082B /* Notifications.swift */ = {isa = PBXFileReference; lastKnownFileType = sourcecode.swift; path = Notifications.swift; sourceTree = "<group>"; };
		1576D2772423CEED0065FBFA /* AddRecordChildVC+Collection.swift */ = {isa = PBXFileReference; lastKnownFileType = sourcecode.swift; path = "AddRecordChildVC+Collection.swift"; sourceTree = "<group>"; };
		1576D2792423D0030065FBFA /* CategoryCollectionViewCell.swift */ = {isa = PBXFileReference; lastKnownFileType = sourcecode.swift; path = CategoryCollectionViewCell.swift; sourceTree = "<group>"; };
		1576D27D2423FC180065FBFA /* SummationInRange.swift */ = {isa = PBXFileReference; lastKnownFileType = sourcecode.swift; path = SummationInRange.swift; sourceTree = "<group>"; };
		157C73632413E95400B558CD /* AnalysisViewController.swift */ = {isa = PBXFileReference; lastKnownFileType = sourcecode.swift; path = AnalysisViewController.swift; sourceTree = "<group>"; };
		157C73652414002F00B558CD /* Charts.framework */ = {isa = PBXFileReference; explicitFileType = wrapper.framework; path = Charts.framework; sourceTree = BUILT_PRODUCTS_DIR; };
		157C73692414003200B558CD /* Realm.framework */ = {isa = PBXFileReference; explicitFileType = wrapper.framework; path = Realm.framework; sourceTree = BUILT_PRODUCTS_DIR; };
		157C736C2414003C00B558CD /* RealmSwift.framework */ = {isa = PBXFileReference; explicitFileType = wrapper.framework; path = RealmSwift.framework; sourceTree = BUILT_PRODUCTS_DIR; };
		157C73832414F8DF00B558CD /* Onboarding.storyboard */ = {isa = PBXFileReference; lastKnownFileType = file.storyboard; path = Onboarding.storyboard; sourceTree = "<group>"; };
		158A6B90244F0B240078A0E1 /* AddRecordChildVC+RepetitionPicker.swift */ = {isa = PBXFileReference; lastKnownFileType = sourcecode.swift; path = "AddRecordChildVC+RepetitionPicker.swift"; sourceTree = "<group>"; };
		158A6B92244F0C080078A0E1 /* RepetitionView.swift */ = {isa = PBXFileReference; lastKnownFileType = sourcecode.swift; path = RepetitionView.swift; sourceTree = "<group>"; };
		158A6B942450F5BB0078A0E1 /* TableViewCellActions.swift */ = {isa = PBXFileReference; lastKnownFileType = sourcecode.swift; path = TableViewCellActions.swift; sourceTree = "<group>"; };
		158A6B962450F5F30078A0E1 /* TableViewAnimations.swift */ = {isa = PBXFileReference; lastKnownFileType = sourcecode.swift; path = TableViewAnimations.swift; sourceTree = "<group>"; };
		158A6B982450F6EB0078A0E1 /* AddRecordChildVC+Sound.swift */ = {isa = PBXFileReference; lastKnownFileType = sourcecode.swift; path = "AddRecordChildVC+Sound.swift"; sourceTree = "<group>"; };
		1591686424130B100026B06D /* Realm.framework */ = {isa = PBXFileReference; explicitFileType = wrapper.framework; path = Realm.framework; sourceTree = BUILT_PRODUCTS_DIR; };
		1591686824130B130026B06D /* RealmSwift.framework */ = {isa = PBXFileReference; explicitFileType = wrapper.framework; path = RealmSwift.framework; sourceTree = BUILT_PRODUCTS_DIR; };
		159EA94A2411B4CC00F106B2 /* KeywordViewCell.swift */ = {isa = PBXFileReference; lastKnownFileType = sourcecode.swift; path = KeywordViewCell.swift; sourceTree = "<group>"; };
		15D93D492448FCD4006327A5 /* EntriesTableVIew.swift */ = {isa = PBXFileReference; lastKnownFileType = sourcecode.swift; path = EntriesTableVIew.swift; sourceTree = "<group>"; };
		15DF5B9B2445E50F00D20FEE /* Income.swift */ = {isa = PBXFileReference; lastKnownFileType = sourcecode.swift; path = Income.swift; sourceTree = "<group>"; };
		15DF5B9E244639FA00D20FEE /* Entry.swift */ = {isa = PBXFileReference; lastKnownFileType = sourcecode.swift; path = Entry.swift; sourceTree = "<group>"; };
		15DF5BA02446EAB600D20FEE /* AddIncomeChildVC.swift */ = {isa = PBXFileReference; lastKnownFileType = sourcecode.swift; path = AddIncomeChildVC.swift; sourceTree = "<group>"; };
		15DF5BA32446F40800D20FEE /* AddEntryChildVC.swift */ = {isa = PBXFileReference; lastKnownFileType = sourcecode.swift; path = AddEntryChildVC.swift; sourceTree = "<group>"; };
		15DF5BA52447B61800D20FEE /* Balance.swift */ = {isa = PBXFileReference; lastKnownFileType = sourcecode.swift; path = Balance.swift; sourceTree = "<group>"; };
		15DF5BA72447BD3C00D20FEE /* PiggyBank.swift */ = {isa = PBXFileReference; lastKnownFileType = sourcecode.swift; path = PiggyBank.swift; sourceTree = "<group>"; };
		15E8D5C2245603AE00EEE0CA /* HomeController+Notifications.swift */ = {isa = PBXFileReference; lastKnownFileType = sourcecode.swift; path = "HomeController+Notifications.swift"; sourceTree = "<group>"; };
		15ED268B2414FD610029DDDB /* OnboardingViewController.swift */ = {isa = PBXFileReference; lastKnownFileType = sourcecode.swift; path = OnboardingViewController.swift; sourceTree = "<group>"; };
		15ED269224153B970029DDDB /* MenuCell.swift */ = {isa = PBXFileReference; lastKnownFileType = sourcecode.swift; path = MenuCell.swift; sourceTree = "<group>"; };
		15ED26A92416B8480029DDDB /* NearByEnum.swift */ = {isa = PBXFileReference; fileEncoding = 4; lastKnownFileType = sourcecode.swift; path = NearByEnum.swift; sourceTree = "<group>"; };
		15EFA6FC24523963008FBE9F /* PurchaseMethod.swift */ = {isa = PBXFileReference; lastKnownFileType = sourcecode.swift; path = PurchaseMethod.swift; sourceTree = "<group>"; };
		15EFA6FE24523986008FBE9F /* UIImage+Extension.swift */ = {isa = PBXFileReference; lastKnownFileType = sourcecode.swift; path = "UIImage+Extension.swift"; sourceTree = "<group>"; };
		15F9DECA242CA60100081D5D /* CategoryKeywords.swift */ = {isa = PBXFileReference; lastKnownFileType = sourcecode.swift; path = CategoryKeywords.swift; sourceTree = "<group>"; };
		224DE2885E110D5B88559ED7 /* Pods-Dramaq2020-Dramaq2020UITests.debug.xcconfig */ = {isa = PBXFileReference; includeInIndex = 1; lastKnownFileType = text.xcconfig; name = "Pods-Dramaq2020-Dramaq2020UITests.debug.xcconfig"; path = "Target Support Files/Pods-Dramaq2020-Dramaq2020UITests/Pods-Dramaq2020-Dramaq2020UITests.debug.xcconfig"; sourceTree = "<group>"; };
		23D810BC4C4E4D5F6A7E8586 /* Pods-Dramaq2020.debug.xcconfig */ = {isa = PBXFileReference; includeInIndex = 1; lastKnownFileType = text.xcconfig; name = "Pods-Dramaq2020.debug.xcconfig"; path = "Target Support Files/Pods-Dramaq2020/Pods-Dramaq2020.debug.xcconfig"; sourceTree = "<group>"; };
		23EEBA096109E848C560E218 /* libPods-Dramaq2020.a */ = {isa = PBXFileReference; explicitFileType = archive.ar; includeInIndex = 0; path = "libPods-Dramaq2020.a"; sourceTree = BUILT_PRODUCTS_DIR; };
		305D1B1CFE1C8D6B68F789B5 /* libPods-Dramaq2020Tests.a */ = {isa = PBXFileReference; explicitFileType = archive.ar; includeInIndex = 0; path = "libPods-Dramaq2020Tests.a"; sourceTree = BUILT_PRODUCTS_DIR; };
		5C6EB684FC708BF57AE0DDF5 /* Pods-Dramaq2020Tests.release.xcconfig */ = {isa = PBXFileReference; includeInIndex = 1; lastKnownFileType = text.xcconfig; name = "Pods-Dramaq2020Tests.release.xcconfig"; path = "Target Support Files/Pods-Dramaq2020Tests/Pods-Dramaq2020Tests.release.xcconfig"; sourceTree = "<group>"; };
		5F7316CD5513415FE4F96566 /* Pods-Dramaq2020Tests.debug.xcconfig */ = {isa = PBXFileReference; includeInIndex = 1; lastKnownFileType = text.xcconfig; name = "Pods-Dramaq2020Tests.debug.xcconfig"; path = "Target Support Files/Pods-Dramaq2020Tests/Pods-Dramaq2020Tests.debug.xcconfig"; sourceTree = "<group>"; };
		A7C79173EB07A2560369CEF9 /* Pods-Dramaq2020.release.xcconfig */ = {isa = PBXFileReference; includeInIndex = 1; lastKnownFileType = text.xcconfig; name = "Pods-Dramaq2020.release.xcconfig"; path = "Target Support Files/Pods-Dramaq2020/Pods-Dramaq2020.release.xcconfig"; sourceTree = "<group>"; };
		DBA50047A800582B7BF09F99 /* libPods-Dramaq2020-Dramaq2020UITests.a */ = {isa = PBXFileReference; explicitFileType = archive.ar; includeInIndex = 0; path = "libPods-Dramaq2020-Dramaq2020UITests.a"; sourceTree = BUILT_PRODUCTS_DIR; };
		EB90B8606423167D6657C25F /* Pods-Dramaq2020-Dramaq2020UITests.release.xcconfig */ = {isa = PBXFileReference; includeInIndex = 1; lastKnownFileType = text.xcconfig; name = "Pods-Dramaq2020-Dramaq2020UITests.release.xcconfig"; path = "Target Support Files/Pods-Dramaq2020-Dramaq2020UITests/Pods-Dramaq2020-Dramaq2020UITests.release.xcconfig"; sourceTree = "<group>"; };
/* End PBXFileReference section */

/* Begin PBXFrameworksBuildPhase section */
		1558BC4C24115AB50072DB26 /* Frameworks */ = {
			isa = PBXFrameworksBuildPhase;
			buildActionMask = 2147483647;
			files = (
				B090265D177456750DB1E2A6 /* libPods-Dramaq2020.a in Frameworks */,
			);
			runOnlyForDeploymentPostprocessing = 0;
		};
		1558BC6224115ABB0072DB26 /* Frameworks */ = {
			isa = PBXFrameworksBuildPhase;
			buildActionMask = 2147483647;
			files = (
				1D994C6518A65F250190812D /* libPods-Dramaq2020Tests.a in Frameworks */,
			);
			runOnlyForDeploymentPostprocessing = 0;
		};
		1558BC6D24115ABB0072DB26 /* Frameworks */ = {
			isa = PBXFrameworksBuildPhase;
			buildActionMask = 2147483647;
			files = (
				1C909B5B808A162FD54583A5 /* libPods-Dramaq2020-Dramaq2020UITests.a in Frameworks */,
			);
			runOnlyForDeploymentPostprocessing = 0;
		};
/* End PBXFrameworksBuildPhase section */

/* Begin PBXGroup section */
		1501497C241AA7B80064D04C /* NetworkService */ = {
			isa = PBXGroup;
			children = (
				15092A1F241947740044D973 /* NetworkService.swift */,
				15ED26A92416B8480029DDDB /* NearByEnum.swift */,
			);
			path = NetworkService;
			sourceTree = "<group>";
		};
		1501497D241AA7E40064D04C /* Storyboards */ = {
			isa = PBXGroup;
			children = (
				1558BC5824115AB50072DB26 /* Main.storyboard */,
				157C73832414F8DF00B558CD /* Onboarding.storyboard */,
				1558BC5D24115ABA0072DB26 /* LaunchScreen.storyboard */,
			);
			path = Storyboards;
			sourceTree = "<group>";
		};
		1501497E241AA8160064D04C /* CoreDelegates */ = {
			isa = PBXGroup;
			children = (
				1558BC5224115AB50072DB26 /* AppDelegate.swift */,
				15180830241F9AE50049920D /* UIApplication+Extension.swift */,
				1558BC5424115AB50072DB26 /* SceneDelegate.swift */,
			);
			path = CoreDelegates;
			sourceTree = "<group>";
		};
		15014980241AA8DD0064D04C /* RecordsTableViewSetup */ = {
			isa = PBXGroup;
			children = (
				15DF5B9D244639E300D20FEE /* Entry */,
				15A07BDE2445E48700A8F55B /* IncomeSetting */,
				1558BCB624115E0F0072DB26 /* RecordSetting */,
				1558BCB524115DEE0072DB26 /* DateView */,
			);
			path = RecordsTableViewSetup;
			sourceTree = "<group>";
		};
		1519CE782427788B00E225B5 /* CurrencyJSON */ = {
			isa = PBXGroup;
			children = (
				1519CE762427784E00E225B5 /* Common-Currency.json */,
				1519CE79242778AA00E225B5 /* CurrencyJSONParsing.swift */,
			);
			path = CurrencyJSON;
			sourceTree = "<group>";
		};
		1519CE7B2427A50200E225B5 /* Sounds */ = {
			isa = PBXGroup;
			children = (
				1519CE7C2427A51400E225B5 /* RecordWasAdded.m4a */,
				1519CE812427BEC600E225B5 /* SoundsEnum.swift */,
			);
			path = Sounds;
			sourceTree = "<group>";
		};
		1558BC4624115AB50072DB26 = {
			isa = PBXGroup;
			children = (
				1558BC5124115AB50072DB26 /* Dramaq2020 */,
				1558BC6824115ABB0072DB26 /* Dramaq2020Tests */,
				1558BC7324115ABB0072DB26 /* Dramaq2020UITests */,
				1558BC5024115AB50072DB26 /* Products */,
				BF2282B3F1C5E55BBD99FCED /* Pods */,
				455E785FCE778EF840FA5D4A /* Frameworks */,
				15ED269A241627870029DDDB /* Recovered References */,
			);
			sourceTree = "<group>";
		};
		1558BC5024115AB50072DB26 /* Products */ = {
			isa = PBXGroup;
			children = (
				1558BC4F24115AB50072DB26 /* Dramaq.app */,
				1558BC6524115ABB0072DB26 /* DramaqTests.xctest */,
				1558BC7024115ABB0072DB26 /* DramaqUITests.xctest */,
			);
			name = Products;
			sourceTree = "<group>";
		};
		1558BC5124115AB50072DB26 /* Dramaq2020 */ = {
			isa = PBXGroup;
			children = (
				15014981241BC7930064D04C /* AccountViewController.swift */,
				1505BCDD242E82F4005C1013 /* CountForPeriodButton.swift */,
				15722B54244E3D1E0028082B /* Notifications.swift */,
				15DF5BA52447B61800D20FEE /* Balance.swift */,
				15EFA6FC24523963008FBE9F /* PurchaseMethod.swift */,
				15DF5BA72447BD3C00D20FEE /* PiggyBank.swift */,
				1501497D241AA7E40064D04C /* Storyboards */,
				1558BCB724115E410072DB26 /* HomeController */,
				159EA9492411794A00F106B2 /* AddRecordChildVC */,
				15014980241AA8DD0064D04C /* RecordsTableViewSetup */,
				157C73822414F8B200B558CD /* OnboardingViewController */,
				157C737F2414F88100B558CD /* AnalysisViewController */,
				157C73812414F8A100B558CD /* ReviewViewController */,
				1501497C241AA7B80064D04C /* NetworkService */,
				15ED268D24153A380029DDDB /* Settings */,
				159EA9482411794200F106B2 /* Menu */,
				1558BC9C24115AF30072DB26 /* PTObjects */,
				1501497E241AA8160064D04C /* CoreDelegates */,
				1519CE7B2427A50200E225B5 /* Sounds */,
				1519CE782427788B00E225B5 /* CurrencyJSON */,
				1558BCB024115B050072DB26 /* Constants.swift */,
				15EFA6FE24523986008FBE9F /* UIImage+Extension.swift */,
				1558BCAE24115B050072DB26 /* CountingUtilities.swift */,
				15F9DECA242CA60100081D5D /* CategoryKeywords.swift */,
				1519CE892428DB7B00E225B5 /* String+Extension.swift */,
				1558BC5B24115ABA0072DB26 /* Assets.xcassets */,
				1558BC6024115ABA0072DB26 /* Info.plist */,
			);
			path = Dramaq2020;
			sourceTree = "<group>";
		};
		1558BC6824115ABB0072DB26 /* Dramaq2020Tests */ = {
			isa = PBXGroup;
			children = (
				1558BC6924115ABB0072DB26 /* Dramaq2020Tests.swift */,
				1558BC6B24115ABB0072DB26 /* Info.plist */,
			);
			path = Dramaq2020Tests;
			sourceTree = "<group>";
		};
		1558BC7324115ABB0072DB26 /* Dramaq2020UITests */ = {
			isa = PBXGroup;
			children = (
				1558BC7424115ABB0072DB26 /* Dramaq2020UITests.swift */,
				1558BC7624115ABB0072DB26 /* Info.plist */,
			);
			path = Dramaq2020UITests;
			sourceTree = "<group>";
		};
		1558BC9C24115AF30072DB26 /* PTObjects */ = {
			isa = PBXGroup;
			children = (
				1558BC9D24115AF30072DB26 /* PTLabel.swift */,
				1558BC9E24115AF30072DB26 /* PTStackView.swift */,
				1558BC9F24115AF30072DB26 /* PTScrollView.swift */,
				1558BCA024115AF30072DB26 /* PTButton.swift */,
				1558BCA124115AF30072DB26 /* PTKeywordsLabel.swift */,
				1558BCA224115AF30072DB26 /* PTTextField.swift */,
				155B33DF2412690B005D5104 /* SearchTextField.swift */,
				1558BCA324115AF30072DB26 /* PTDate.swift */,
				1558BCA424115AF30072DB26 /* PTViewController.swift */,
				1558BCAD24115B050072DB26 /* UIView+Extension.swift */,
			);
			path = PTObjects;
			sourceTree = "<group>";
		};
		1558BCB524115DEE0072DB26 /* DateView */ = {
			isa = PBXGroup;
			children = (
				1558BC8924115AE80072DB26 /* DateSectionView.swift */,
				1558BCAF24115B050072DB26 /* Date+Extension.swift */,
			);
			path = DateView;
			sourceTree = "<group>";
		};
		1558BCB624115E0F0072DB26 /* RecordSetting */ = {
			isa = PBXGroup;
			children = (
				1558BC8A24115AE80072DB26 /* Record.swift */,
				1558BC8D24115AE90072DB26 /* RecordViewCell.swift */,
				15722B52244DEEE20028082B /* Badge.swift */,
				1558BC8E24115AE90072DB26 /* FrequentRecord.swift */,
				1558BC8824115AE70072DB26 /* RealmSetting.swift */,
				155B33DD24125C5E005D5104 /* ManagingRealm.swift */,
			);
			path = RecordSetting;
			sourceTree = "<group>";
		};
		1558BCB724115E410072DB26 /* HomeController */ = {
			isa = PBXGroup;
			children = (
				1558BC8724115AE70072DB26 /* HomeController.swift */,
				15E8D5C2245603AE00EEE0CA /* HomeController+Notifications.swift */,
				1558BC8324115AE60072DB26 /* HomeController+TableView.swift */,
				158A6B942450F5BB0078A0E1 /* TableViewCellActions.swift */,
				158A6B962450F5F30078A0E1 /* TableViewAnimations.swift */,
				1543DDED244D0FB6004C546B /* ReloadingExtension.swift */,
				1543F6AA242A052A006539EB /* HomeController+ScrollView.swift */,
				1543F6A8242A0512006539EB /* HomeController+SearchBar.swift */,
				1558BC8B24115AE80072DB26 /* MenuButton.swift */,
				1558BC8224115AE60072DB26 /* Arrow.swift */,
				15D93D492448FCD4006327A5 /* EntriesTableVIew.swift */,
			);
			path = HomeController;
			sourceTree = "<group>";
		};
		157C737F2414F88100B558CD /* AnalysisViewController */ = {
			isa = PBXGroup;
			children = (
				157C73632413E95400B558CD /* AnalysisViewController.swift */,
				1576D27D2423FC180065FBFA /* SummationInRange.swift */,
				1519CE8B2429378300E225B5 /* DetailedAnalysisViewController.swift */,
			);
			path = AnalysisViewController;
			sourceTree = "<group>";
		};
		157C73812414F8A100B558CD /* ReviewViewController */ = {
			isa = PBXGroup;
			children = (
				155B33E12412CA8F005D5104 /* ReviewViewController.swift */,
			);
			path = ReviewViewController;
			sourceTree = "<group>";
		};
		157C73822414F8B200B558CD /* OnboardingViewController */ = {
			isa = PBXGroup;
			children = (
				15ED268B2414FD610029DDDB /* OnboardingViewController.swift */,
			);
			path = OnboardingViewController;
			sourceTree = "<group>";
		};
		159EA9482411794200F106B2 /* Menu */ = {
			isa = PBXGroup;
			children = (
				1558BC8524115AE60072DB26 /* MenuViewCell.swift */,
				1558BC8424115AE60072DB26 /* MenuViewController.swift */,
			);
			path = Menu;
			sourceTree = "<group>";
		};
		159EA9492411794A00F106B2 /* AddRecordChildVC */ = {
			isa = PBXGroup;
			children = (
				155B33E32412E7B9005D5104 /* CompactChildViewController.swift */,
				15DF5BA32446F40800D20FEE /* AddEntryChildVC.swift */,
				15DF5BA02446EAB600D20FEE /* AddIncomeChildVC.swift */,
				15DF5BA22446EAF100D20FEE /* AddRecordChildVC */,
			);
			path = AddRecordChildVC;
			sourceTree = "<group>";
		};
		15A07BDE2445E48700A8F55B /* IncomeSetting */ = {
			isa = PBXGroup;
			children = (
				15DF5B9B2445E50F00D20FEE /* Income.swift */,
			);
			path = IncomeSetting;
			sourceTree = "<group>";
		};
		15DF5B9D244639E300D20FEE /* Entry */ = {
			isa = PBXGroup;
			children = (
				15DF5B9E244639FA00D20FEE /* Entry.swift */,
			);
			path = Entry;
			sourceTree = "<group>";
		};
		15DF5BA22446EAF100D20FEE /* AddRecordChildVC */ = {
			isa = PBXGroup;
			children = (
				1558BC8624115AE70072DB26 /* AddRecordChildVC.swift */,
				158A6B90244F0B240078A0E1 /* AddRecordChildVC+RepetitionPicker.swift */,
				158A6B982450F6EB0078A0E1 /* AddRecordChildVC+Sound.swift */,
				15092A212419521F0044D973 /* AddRecordChildVC+NearbyPlaces.swift */,
				1501495724196A540064D04C /* AddRecordChildVC+Location.swift */,
				1576D2772423CEED0065FBFA /* AddRecordChildVC+Collection.swift */,
				1576D2792423D0030065FBFA /* CategoryCollectionViewCell.swift */,
				1505BCDB242E0E0A005C1013 /* KeywordCollectionViewCell.swift */,
				1558BC8C24115AE90072DB26 /* CategoryView.swift */,
				158A6B92244F0C080078A0E1 /* RepetitionView.swift */,
				159EA94A2411B4CC00F106B2 /* KeywordViewCell.swift */,
				15180832241FE9480049920D /* NearbyPlaceViewCell.swift */,
			);
			path = AddRecordChildVC;
			sourceTree = "<group>";
		};
		15ED268D24153A380029DDDB /* Settings */ = {
			isa = PBXGroup;
			children = (
				15ED269224153B970029DDDB /* MenuCell.swift */,
				1519CE83242891C500E225B5 /* SoundCell.swift */,
				1519CE852428B6EA00E225B5 /* UsernameCell.swift */,
			);
			path = Settings;
			sourceTree = "<group>";
		};
		15ED269A241627870029DDDB /* Recovered References */ = {
			isa = PBXGroup;
			children = (
			);
			name = "Recovered References";
			sourceTree = "<group>";
		};
		455E785FCE778EF840FA5D4A /* Frameworks */ = {
			isa = PBXGroup;
			children = (
				1519CE93242A025400E225B5 /* AUPickerCell.framework */,
				1519CE8F242A025000E225B5 /* Alamofire.framework */,
				157C736C2414003C00B558CD /* RealmSwift.framework */,
				157C73692414003200B558CD /* Realm.framework */,
				157C73652414002F00B558CD /* Charts.framework */,
				1591686824130B130026B06D /* RealmSwift.framework */,
				1591686424130B100026B06D /* Realm.framework */,
				1558BCBB24115FA80072DB26 /* RealmSwift.framework */,
				23EEBA096109E848C560E218 /* libPods-Dramaq2020.a */,
				DBA50047A800582B7BF09F99 /* libPods-Dramaq2020-Dramaq2020UITests.a */,
				305D1B1CFE1C8D6B68F789B5 /* libPods-Dramaq2020Tests.a */,
			);
			name = Frameworks;
			sourceTree = "<group>";
		};
		BF2282B3F1C5E55BBD99FCED /* Pods */ = {
			isa = PBXGroup;
			children = (
				23D810BC4C4E4D5F6A7E8586 /* Pods-Dramaq2020.debug.xcconfig */,
				A7C79173EB07A2560369CEF9 /* Pods-Dramaq2020.release.xcconfig */,
				224DE2885E110D5B88559ED7 /* Pods-Dramaq2020-Dramaq2020UITests.debug.xcconfig */,
				EB90B8606423167D6657C25F /* Pods-Dramaq2020-Dramaq2020UITests.release.xcconfig */,
				5F7316CD5513415FE4F96566 /* Pods-Dramaq2020Tests.debug.xcconfig */,
				5C6EB684FC708BF57AE0DDF5 /* Pods-Dramaq2020Tests.release.xcconfig */,
			);
			path = Pods;
			sourceTree = "<group>";
		};
/* End PBXGroup section */

/* Begin PBXNativeTarget section */
		1558BC4E24115AB50072DB26 /* Dramaq */ = {
			isa = PBXNativeTarget;
			buildConfigurationList = 1558BC7924115ABB0072DB26 /* Build configuration list for PBXNativeTarget "Dramaq" */;
			buildPhases = (
				CC7D69A53880EA8B652F7786 /* [CP] Check Pods Manifest.lock */,
				1558BC4B24115AB50072DB26 /* Sources */,
				1558BC4C24115AB50072DB26 /* Frameworks */,
				1558BC4D24115AB50072DB26 /* Resources */,
				1519CE98242A029500E225B5 /* Embed Frameworks */,
			);
			buildRules = (
			);
			dependencies = (
			);
			name = Dramaq;
			productName = Dramaq2020;
			productReference = 1558BC4F24115AB50072DB26 /* Dramaq.app */;
			productType = "com.apple.product-type.application";
		};
		1558BC6424115ABB0072DB26 /* DramaqTests */ = {
			isa = PBXNativeTarget;
			buildConfigurationList = 1558BC7C24115ABB0072DB26 /* Build configuration list for PBXNativeTarget "DramaqTests" */;
			buildPhases = (
				BB062A2991D3361B5008AFD2 /* [CP] Check Pods Manifest.lock */,
				1558BC6124115ABB0072DB26 /* Sources */,
				1558BC6224115ABB0072DB26 /* Frameworks */,
				1558BC6324115ABB0072DB26 /* Resources */,
			);
			buildRules = (
			);
			dependencies = (
				1558BC6724115ABB0072DB26 /* PBXTargetDependency */,
			);
			name = DramaqTests;
			productName = Dramaq2020Tests;
			productReference = 1558BC6524115ABB0072DB26 /* DramaqTests.xctest */;
			productType = "com.apple.product-type.bundle.unit-test";
		};
		1558BC6F24115ABB0072DB26 /* DramaqUITests */ = {
			isa = PBXNativeTarget;
			buildConfigurationList = 1558BC7F24115ABB0072DB26 /* Build configuration list for PBXNativeTarget "DramaqUITests" */;
			buildPhases = (
				190D919E37171CC6334BB578 /* [CP] Check Pods Manifest.lock */,
				1558BC6C24115ABB0072DB26 /* Sources */,
				1558BC6D24115ABB0072DB26 /* Frameworks */,
				1558BC6E24115ABB0072DB26 /* Resources */,
			);
			buildRules = (
			);
			dependencies = (
				1558BC7224115ABB0072DB26 /* PBXTargetDependency */,
			);
			name = DramaqUITests;
			productName = Dramaq2020UITests;
			productReference = 1558BC7024115ABB0072DB26 /* DramaqUITests.xctest */;
			productType = "com.apple.product-type.bundle.ui-testing";
		};
/* End PBXNativeTarget section */

/* Begin PBXProject section */
		1558BC4724115AB50072DB26 /* Project object */ = {
			isa = PBXProject;
			attributes = {
				LastSwiftUpdateCheck = 1130;
				LastUpgradeCheck = 1130;
				ORGANIZATIONNAME = "Петрос Тепоян";
				TargetAttributes = {
					1558BC4E24115AB50072DB26 = {
						CreatedOnToolsVersion = 11.3.1;
					};
					1558BC6424115ABB0072DB26 = {
						CreatedOnToolsVersion = 11.3.1;
						TestTargetID = 1558BC4E24115AB50072DB26;
					};
					1558BC6F24115ABB0072DB26 = {
						CreatedOnToolsVersion = 11.3.1;
						TestTargetID = 1558BC4E24115AB50072DB26;
					};
				};
			};
			buildConfigurationList = 1558BC4A24115AB50072DB26 /* Build configuration list for PBXProject "Dramaq" */;
			compatibilityVersion = "Xcode 9.3";
			developmentRegion = en;
			hasScannedForEncodings = 0;
			knownRegions = (
				en,
				Base,
			);
			mainGroup = 1558BC4624115AB50072DB26;
			productRefGroup = 1558BC5024115AB50072DB26 /* Products */;
			projectDirPath = "";
			projectRoot = "";
			targets = (
				1558BC4E24115AB50072DB26 /* Dramaq */,
				1558BC6424115ABB0072DB26 /* DramaqTests */,
				1558BC6F24115ABB0072DB26 /* DramaqUITests */,
			);
		};
/* End PBXProject section */

/* Begin PBXResourcesBuildPhase section */
		1558BC4D24115AB50072DB26 /* Resources */ = {
			isa = PBXResourcesBuildPhase;
			buildActionMask = 2147483647;
			files = (
				1519CE7E2427A7F300E225B5 /* RecordWasAdded.m4a in Resources */,
				1519CE7D2427A7E600E225B5 /* Onboarding.storyboard in Resources */,
				1558BC5F24115ABA0072DB26 /* LaunchScreen.storyboard in Resources */,
				1558BC5C24115ABA0072DB26 /* Assets.xcassets in Resources */,
				1558BC5A24115AB50072DB26 /* Main.storyboard in Resources */,
				1519CE772427784E00E225B5 /* Common-Currency.json in Resources */,
			);
			runOnlyForDeploymentPostprocessing = 0;
		};
		1558BC6324115ABB0072DB26 /* Resources */ = {
			isa = PBXResourcesBuildPhase;
			buildActionMask = 2147483647;
			files = (
			);
			runOnlyForDeploymentPostprocessing = 0;
		};
		1558BC6E24115ABB0072DB26 /* Resources */ = {
			isa = PBXResourcesBuildPhase;
			buildActionMask = 2147483647;
			files = (
			);
			runOnlyForDeploymentPostprocessing = 0;
		};
/* End PBXResourcesBuildPhase section */

/* Begin PBXShellScriptBuildPhase section */
		190D919E37171CC6334BB578 /* [CP] Check Pods Manifest.lock */ = {
			isa = PBXShellScriptBuildPhase;
			buildActionMask = 2147483647;
			files = (
			);
			inputFileListPaths = (
			);
			inputPaths = (
				"${PODS_PODFILE_DIR_PATH}/Podfile.lock",
				"${PODS_ROOT}/Manifest.lock",
			);
			name = "[CP] Check Pods Manifest.lock";
			outputFileListPaths = (
			);
			outputPaths = (
				"$(DERIVED_FILE_DIR)/Pods-Dramaq2020-Dramaq2020UITests-checkManifestLockResult.txt",
			);
			runOnlyForDeploymentPostprocessing = 0;
			shellPath = /bin/sh;
			shellScript = "diff \"${PODS_PODFILE_DIR_PATH}/Podfile.lock\" \"${PODS_ROOT}/Manifest.lock\" > /dev/null\nif [ $? != 0 ] ; then\n    # print error to STDERR\n    echo \"error: The sandbox is not in sync with the Podfile.lock. Run 'pod install' or update your CocoaPods installation.\" >&2\n    exit 1\nfi\n# This output is used by Xcode 'outputs' to avoid re-running this script phase.\necho \"SUCCESS\" > \"${SCRIPT_OUTPUT_FILE_0}\"\n";
			showEnvVarsInLog = 0;
		};
		BB062A2991D3361B5008AFD2 /* [CP] Check Pods Manifest.lock */ = {
			isa = PBXShellScriptBuildPhase;
			buildActionMask = 2147483647;
			files = (
			);
			inputFileListPaths = (
			);
			inputPaths = (
				"${PODS_PODFILE_DIR_PATH}/Podfile.lock",
				"${PODS_ROOT}/Manifest.lock",
			);
			name = "[CP] Check Pods Manifest.lock";
			outputFileListPaths = (
			);
			outputPaths = (
				"$(DERIVED_FILE_DIR)/Pods-Dramaq2020Tests-checkManifestLockResult.txt",
			);
			runOnlyForDeploymentPostprocessing = 0;
			shellPath = /bin/sh;
			shellScript = "diff \"${PODS_PODFILE_DIR_PATH}/Podfile.lock\" \"${PODS_ROOT}/Manifest.lock\" > /dev/null\nif [ $? != 0 ] ; then\n    # print error to STDERR\n    echo \"error: The sandbox is not in sync with the Podfile.lock. Run 'pod install' or update your CocoaPods installation.\" >&2\n    exit 1\nfi\n# This output is used by Xcode 'outputs' to avoid re-running this script phase.\necho \"SUCCESS\" > \"${SCRIPT_OUTPUT_FILE_0}\"\n";
			showEnvVarsInLog = 0;
		};
		CC7D69A53880EA8B652F7786 /* [CP] Check Pods Manifest.lock */ = {
			isa = PBXShellScriptBuildPhase;
			buildActionMask = 2147483647;
			files = (
			);
			inputFileListPaths = (
			);
			inputPaths = (
				"${PODS_PODFILE_DIR_PATH}/Podfile.lock",
				"${PODS_ROOT}/Manifest.lock",
			);
			name = "[CP] Check Pods Manifest.lock";
			outputFileListPaths = (
			);
			outputPaths = (
				"$(DERIVED_FILE_DIR)/Pods-Dramaq2020-checkManifestLockResult.txt",
			);
			runOnlyForDeploymentPostprocessing = 0;
			shellPath = /bin/sh;
			shellScript = "diff \"${PODS_PODFILE_DIR_PATH}/Podfile.lock\" \"${PODS_ROOT}/Manifest.lock\" > /dev/null\nif [ $? != 0 ] ; then\n    # print error to STDERR\n    echo \"error: The sandbox is not in sync with the Podfile.lock. Run 'pod install' or update your CocoaPods installation.\" >&2\n    exit 1\nfi\n# This output is used by Xcode 'outputs' to avoid re-running this script phase.\necho \"SUCCESS\" > \"${SCRIPT_OUTPUT_FILE_0}\"\n";
			showEnvVarsInLog = 0;
		};
/* End PBXShellScriptBuildPhase section */

/* Begin PBXSourcesBuildPhase section */
		1558BC4B24115AB50072DB26 /* Sources */ = {
			isa = PBXSourcesBuildPhase;
			buildActionMask = 2147483647;
			files = (
				15DF5BA42446F40800D20FEE /* AddEntryChildVC.swift in Sources */,
				159EA94B2411B4CC00F106B2 /* KeywordViewCell.swift in Sources */,
				1576D27E2423FC180065FBFA /* SummationInRange.swift in Sources */,
				1543F6A9242A0512006539EB /* HomeController+SearchBar.swift in Sources */,
				1576D2782423CEED0065FBFA /* AddRecordChildVC+Collection.swift in Sources */,
				1543DDEE244D0FB6004C546B /* ReloadingExtension.swift in Sources */,
				1558BC9024115AE90072DB26 /* HomeController+TableView.swift in Sources */,
				15E8D5C3245603AE00EEE0CA /* HomeController+Notifications.swift in Sources */,
				1558BC9124115AE90072DB26 /* MenuViewController.swift in Sources */,
				15092A222419521F0044D973 /* AddRecordChildVC+NearbyPlaces.swift in Sources */,
				1558BC9724115AE90072DB26 /* Record.swift in Sources */,
				15092A20241947740044D973 /* NetworkService.swift in Sources */,
				15722B53244DEEE20028082B /* Badge.swift in Sources */,
				1558BCA624115AF30072DB26 /* PTStackView.swift in Sources */,
				15F9DECB242CA60100081D5D /* CategoryKeywords.swift in Sources */,
				1558BC9224115AE90072DB26 /* MenuViewCell.swift in Sources */,
				155B33E22412CA8F005D5104 /* ReviewViewController.swift in Sources */,
				15014982241BC7930064D04C /* AccountViewController.swift in Sources */,
				1519CE862428B6EA00E225B5 /* UsernameCell.swift in Sources */,
				1558BC8F24115AE90072DB26 /* Arrow.swift in Sources */,
				15DF5B9F244639FA00D20FEE /* Entry.swift in Sources */,
				15180831241F9AE50049920D /* UIApplication+Extension.swift in Sources */,
				1558BCAA24115AF30072DB26 /* PTTextField.swift in Sources */,
				158A6B972450F5F30078A0E1 /* TableViewAnimations.swift in Sources */,
				1576D27A2423D0030065FBFA /* CategoryCollectionViewCell.swift in Sources */,
				1519CE822427BEC600E225B5 /* SoundsEnum.swift in Sources */,
				15722B55244E3D1E0028082B /* Notifications.swift in Sources */,
				15ED269324153B970029DDDB /* MenuCell.swift in Sources */,
				1519CE7A242778AA00E225B5 /* CurrencyJSONParsing.swift in Sources */,
				1558BCB324115B050072DB26 /* Date+Extension.swift in Sources */,
				155B33E02412690C005D5104 /* SearchTextField.swift in Sources */,
				15180833241FE9480049920D /* NearbyPlaceViewCell.swift in Sources */,
				157C73642413E95400B558CD /* AnalysisViewController.swift in Sources */,
				158A6B952450F5BB0078A0E1 /* TableViewCellActions.swift in Sources */,
				15DF5BA62447B61800D20FEE /* Balance.swift in Sources */,
				1558BCA724115AF30072DB26 /* PTScrollView.swift in Sources */,
				1558BCAB24115AF30072DB26 /* PTDate.swift in Sources */,
				15ED26AC2416B8480029DDDB /* NearByEnum.swift in Sources */,
				1505BCDC242E0E0A005C1013 /* KeywordCollectionViewCell.swift in Sources */,
				15EFA6FF24523986008FBE9F /* UIImage+Extension.swift in Sources */,
				15DF5BA12446EAB600D20FEE /* AddIncomeChildVC.swift in Sources */,
				155B33E42412E7B9005D5104 /* CompactChildViewController.swift in Sources */,
				1558BCB424115B050072DB26 /* Constants.swift in Sources */,
				1558BC9424115AE90072DB26 /* HomeController.swift in Sources */,
				1558BC9524115AE90072DB26 /* RealmSetting.swift in Sources */,
				1558BCAC24115AF30072DB26 /* PTViewController.swift in Sources */,
				1558BC9B24115AE90072DB26 /* FrequentRecord.swift in Sources */,
				1505BCDE242E82F4005C1013 /* CountForPeriodButton.swift in Sources */,
				1558BC9A24115AE90072DB26 /* RecordViewCell.swift in Sources */,
				1558BCA924115AF30072DB26 /* PTKeywordsLabel.swift in Sources */,
				1519CE8C2429378300E225B5 /* DetailedAnalysisViewController.swift in Sources */,
				1501495824196A540064D04C /* AddRecordChildVC+Location.swift in Sources */,
				155B33DE24125C5E005D5104 /* ManagingRealm.swift in Sources */,
				158A6B93244F0C080078A0E1 /* RepetitionView.swift in Sources */,
				15DF5BA82447BD3D00D20FEE /* PiggyBank.swift in Sources */,
				1558BC9924115AE90072DB26 /* CategoryView.swift in Sources */,
				1558BC5324115AB50072DB26 /* AppDelegate.swift in Sources */,
				1558BC9324115AE90072DB26 /* AddRecordChildVC.swift in Sources */,
				158A6B91244F0B240078A0E1 /* AddRecordChildVC+RepetitionPicker.swift in Sources */,
				1558BCA524115AF30072DB26 /* PTLabel.swift in Sources */,
				1558BC9624115AE90072DB26 /* DateSectionView.swift in Sources */,
				1519CE8A2428DB7B00E225B5 /* String+Extension.swift in Sources */,
				15ED268C2414FD610029DDDB /* OnboardingViewController.swift in Sources */,
				15DF5B9C2445E50F00D20FEE /* Income.swift in Sources */,
				1558BCA824115AF30072DB26 /* PTButton.swift in Sources */,
				1558BC9824115AE90072DB26 /* MenuButton.swift in Sources */,
				1558BCB124115B050072DB26 /* UIView+Extension.swift in Sources */,
				1519CE84242891C500E225B5 /* SoundCell.swift in Sources */,
				15D93D4A2448FCD4006327A5 /* EntriesTableVIew.swift in Sources */,
				15EFA6FD24523963008FBE9F /* PurchaseMethod.swift in Sources */,
				1558BC5524115AB50072DB26 /* SceneDelegate.swift in Sources */,
				1543F6AB242A052A006539EB /* HomeController+ScrollView.swift in Sources */,
				1558BCB224115B050072DB26 /* CountingUtilities.swift in Sources */,
				158A6B992450F6EB0078A0E1 /* AddRecordChildVC+Sound.swift in Sources */,
			);
			runOnlyForDeploymentPostprocessing = 0;
		};
		1558BC6124115ABB0072DB26 /* Sources */ = {
			isa = PBXSourcesBuildPhase;
			buildActionMask = 2147483647;
			files = (
				1558BC6A24115ABB0072DB26 /* Dramaq2020Tests.swift in Sources */,
			);
			runOnlyForDeploymentPostprocessing = 0;
		};
		1558BC6C24115ABB0072DB26 /* Sources */ = {
			isa = PBXSourcesBuildPhase;
			buildActionMask = 2147483647;
			files = (
				1558BC7524115ABB0072DB26 /* Dramaq2020UITests.swift in Sources */,
			);
			runOnlyForDeploymentPostprocessing = 0;
		};
/* End PBXSourcesBuildPhase section */

/* Begin PBXTargetDependency section */
		1558BC6724115ABB0072DB26 /* PBXTargetDependency */ = {
			isa = PBXTargetDependency;
			target = 1558BC4E24115AB50072DB26 /* Dramaq */;
			targetProxy = 1558BC6624115ABB0072DB26 /* PBXContainerItemProxy */;
		};
		1558BC7224115ABB0072DB26 /* PBXTargetDependency */ = {
			isa = PBXTargetDependency;
			target = 1558BC4E24115AB50072DB26 /* Dramaq */;
			targetProxy = 1558BC7124115ABB0072DB26 /* PBXContainerItemProxy */;
		};
/* End PBXTargetDependency section */

/* Begin PBXVariantGroup section */
		1558BC5824115AB50072DB26 /* Main.storyboard */ = {
			isa = PBXVariantGroup;
			children = (
				1558BC5924115AB50072DB26 /* Base */,
			);
			name = Main.storyboard;
			sourceTree = "<group>";
		};
		1558BC5D24115ABA0072DB26 /* LaunchScreen.storyboard */ = {
			isa = PBXVariantGroup;
			children = (
				1558BC5E24115ABA0072DB26 /* Base */,
			);
			name = LaunchScreen.storyboard;
			sourceTree = "<group>";
		};
/* End PBXVariantGroup section */

/* Begin XCBuildConfiguration section */
		1558BC7724115ABB0072DB26 /* Debug */ = {
			isa = XCBuildConfiguration;
			buildSettings = {
				ALWAYS_EMBED_SWIFT_STANDARD_LIBRARIES = YES;
				ALWAYS_SEARCH_USER_PATHS = NO;
				CLANG_ANALYZER_NONNULL = YES;
				CLANG_ANALYZER_NUMBER_OBJECT_CONVERSION = YES_AGGRESSIVE;
				CLANG_CXX_LANGUAGE_STANDARD = "gnu++14";
				CLANG_CXX_LIBRARY = "libc++";
				CLANG_ENABLE_MODULES = YES;
				CLANG_ENABLE_OBJC_ARC = YES;
				CLANG_ENABLE_OBJC_WEAK = YES;
				CLANG_WARN_BLOCK_CAPTURE_AUTORELEASING = YES;
				CLANG_WARN_BOOL_CONVERSION = YES;
				CLANG_WARN_COMMA = YES;
				CLANG_WARN_CONSTANT_CONVERSION = YES;
				CLANG_WARN_DEPRECATED_OBJC_IMPLEMENTATIONS = YES;
				CLANG_WARN_DIRECT_OBJC_ISA_USAGE = YES_ERROR;
				CLANG_WARN_DOCUMENTATION_COMMENTS = YES;
				CLANG_WARN_EMPTY_BODY = YES;
				CLANG_WARN_ENUM_CONVERSION = YES;
				CLANG_WARN_INFINITE_RECURSION = YES;
				CLANG_WARN_INT_CONVERSION = YES;
				CLANG_WARN_NON_LITERAL_NULL_CONVERSION = YES;
				CLANG_WARN_OBJC_IMPLICIT_RETAIN_SELF = YES;
				CLANG_WARN_OBJC_LITERAL_CONVERSION = YES;
				CLANG_WARN_OBJC_ROOT_CLASS = YES_ERROR;
				CLANG_WARN_RANGE_LOOP_ANALYSIS = YES;
				CLANG_WARN_STRICT_PROTOTYPES = YES;
				CLANG_WARN_SUSPICIOUS_MOVE = YES;
				CLANG_WARN_UNGUARDED_AVAILABILITY = YES_AGGRESSIVE;
				CLANG_WARN_UNREACHABLE_CODE = YES;
				CLANG_WARN__DUPLICATE_METHOD_MATCH = YES;
				COPY_PHASE_STRIP = NO;
				DEBUG_INFORMATION_FORMAT = dwarf;
				ENABLE_STRICT_OBJC_MSGSEND = YES;
				ENABLE_TESTABILITY = YES;
				GCC_C_LANGUAGE_STANDARD = gnu11;
				GCC_DYNAMIC_NO_PIC = NO;
				GCC_NO_COMMON_BLOCKS = YES;
				GCC_OPTIMIZATION_LEVEL = 0;
				GCC_PREPROCESSOR_DEFINITIONS = (
					"DEBUG=1",
					"$(inherited)",
				);
				GCC_WARN_64_TO_32_BIT_CONVERSION = YES;
				GCC_WARN_ABOUT_RETURN_TYPE = YES_ERROR;
				GCC_WARN_UNDECLARED_SELECTOR = YES;
				GCC_WARN_UNINITIALIZED_AUTOS = YES_AGGRESSIVE;
				GCC_WARN_UNUSED_FUNCTION = YES;
				GCC_WARN_UNUSED_VARIABLE = YES;
				IPHONEOS_DEPLOYMENT_TARGET = 13.2;
				MTL_ENABLE_DEBUG_INFO = INCLUDE_SOURCE;
				MTL_FAST_MATH = YES;
				ONLY_ACTIVE_ARCH = YES;
				SDKROOT = iphoneos;
				SWIFT_ACTIVE_COMPILATION_CONDITIONS = DEBUG;
				SWIFT_OPTIMIZATION_LEVEL = "-Onone";
			};
			name = Debug;
		};
		1558BC7824115ABB0072DB26 /* Release */ = {
			isa = XCBuildConfiguration;
			buildSettings = {
				ALWAYS_EMBED_SWIFT_STANDARD_LIBRARIES = YES;
				ALWAYS_SEARCH_USER_PATHS = NO;
				CLANG_ANALYZER_NONNULL = YES;
				CLANG_ANALYZER_NUMBER_OBJECT_CONVERSION = YES_AGGRESSIVE;
				CLANG_CXX_LANGUAGE_STANDARD = "gnu++14";
				CLANG_CXX_LIBRARY = "libc++";
				CLANG_ENABLE_MODULES = YES;
				CLANG_ENABLE_OBJC_ARC = YES;
				CLANG_ENABLE_OBJC_WEAK = YES;
				CLANG_WARN_BLOCK_CAPTURE_AUTORELEASING = YES;
				CLANG_WARN_BOOL_CONVERSION = YES;
				CLANG_WARN_COMMA = YES;
				CLANG_WARN_CONSTANT_CONVERSION = YES;
				CLANG_WARN_DEPRECATED_OBJC_IMPLEMENTATIONS = YES;
				CLANG_WARN_DIRECT_OBJC_ISA_USAGE = YES_ERROR;
				CLANG_WARN_DOCUMENTATION_COMMENTS = YES;
				CLANG_WARN_EMPTY_BODY = YES;
				CLANG_WARN_ENUM_CONVERSION = YES;
				CLANG_WARN_INFINITE_RECURSION = YES;
				CLANG_WARN_INT_CONVERSION = YES;
				CLANG_WARN_NON_LITERAL_NULL_CONVERSION = YES;
				CLANG_WARN_OBJC_IMPLICIT_RETAIN_SELF = YES;
				CLANG_WARN_OBJC_LITERAL_CONVERSION = YES;
				CLANG_WARN_OBJC_ROOT_CLASS = YES_ERROR;
				CLANG_WARN_RANGE_LOOP_ANALYSIS = YES;
				CLANG_WARN_STRICT_PROTOTYPES = YES;
				CLANG_WARN_SUSPICIOUS_MOVE = YES;
				CLANG_WARN_UNGUARDED_AVAILABILITY = YES_AGGRESSIVE;
				CLANG_WARN_UNREACHABLE_CODE = YES;
				CLANG_WARN__DUPLICATE_METHOD_MATCH = YES;
				COPY_PHASE_STRIP = NO;
				DEBUG_INFORMATION_FORMAT = "dwarf-with-dsym";
				ENABLE_NS_ASSERTIONS = NO;
				ENABLE_STRICT_OBJC_MSGSEND = YES;
				GCC_C_LANGUAGE_STANDARD = gnu11;
				GCC_NO_COMMON_BLOCKS = YES;
				GCC_WARN_64_TO_32_BIT_CONVERSION = YES;
				GCC_WARN_ABOUT_RETURN_TYPE = YES_ERROR;
				GCC_WARN_UNDECLARED_SELECTOR = YES;
				GCC_WARN_UNINITIALIZED_AUTOS = YES_AGGRESSIVE;
				GCC_WARN_UNUSED_FUNCTION = YES;
				GCC_WARN_UNUSED_VARIABLE = YES;
				IPHONEOS_DEPLOYMENT_TARGET = 13.2;
				MTL_ENABLE_DEBUG_INFO = NO;
				MTL_FAST_MATH = YES;
				SDKROOT = iphoneos;
				SWIFT_COMPILATION_MODE = wholemodule;
				SWIFT_OPTIMIZATION_LEVEL = "-O";
				VALIDATE_PRODUCT = YES;
			};
			name = Release;
		};
		1558BC7A24115ABB0072DB26 /* Debug */ = {
			isa = XCBuildConfiguration;
			baseConfigurationReference = 23D810BC4C4E4D5F6A7E8586 /* Pods-Dramaq2020.debug.xcconfig */;
			buildSettings = {
				ASSETCATALOG_COMPILER_APPICON_NAME = AppIcon;
				CODE_SIGN_ENTITLEMENTS = Dramaq2020/Dramaq2020.entitlements;
				CODE_SIGN_STYLE = Automatic;
				DEVELOPMENT_TEAM = ST2UTHBX5Z;
				INFOPLIST_FILE = Dramaq2020/Info.plist;
				LD_RUNPATH_SEARCH_PATHS = (
					"$(inherited)",
					"@executable_path/Frameworks",
				);
				ONLY_ACTIVE_ARCH = NO;
				PRODUCT_BUNDLE_IDENTIFIER = Petros.Dramaq2020;
				PRODUCT_NAME = Dramaq;
				SWIFT_VERSION = 5.0;
				TARGETED_DEVICE_FAMILY = 1;
			};
			name = Debug;
		};
		1558BC7B24115ABB0072DB26 /* Release */ = {
			isa = XCBuildConfiguration;
			baseConfigurationReference = A7C79173EB07A2560369CEF9 /* Pods-Dramaq2020.release.xcconfig */;
			buildSettings = {
				ASSETCATALOG_COMPILER_APPICON_NAME = AppIcon;
				CODE_SIGN_ENTITLEMENTS = Dramaq2020/Dramaq2020.entitlements;
				CODE_SIGN_STYLE = Automatic;
				DEVELOPMENT_TEAM = ST2UTHBX5Z;
				INFOPLIST_FILE = Dramaq2020/Info.plist;
				LD_RUNPATH_SEARCH_PATHS = (
					"$(inherited)",
					"@executable_path/Frameworks",
				);
				PRODUCT_BUNDLE_IDENTIFIER = Petros.Dramaq2020;
				PRODUCT_NAME = Dramaq;
				SWIFT_VERSION = 5.0;
				TARGETED_DEVICE_FAMILY = 1;
			};
			name = Release;
		};
		1558BC7D24115ABB0072DB26 /* Debug */ = {
			isa = XCBuildConfiguration;
			baseConfigurationReference = 5F7316CD5513415FE4F96566 /* Pods-Dramaq2020Tests.debug.xcconfig */;
			buildSettings = {
				ALWAYS_EMBED_SWIFT_STANDARD_LIBRARIES = YES;
				BUNDLE_LOADER = "$(TEST_HOST)";
				CODE_SIGN_STYLE = Automatic;
				DEVELOPMENT_TEAM = ST2UTHBX5Z;
				INFOPLIST_FILE = Dramaq2020Tests/Info.plist;
				IPHONEOS_DEPLOYMENT_TARGET = 13.2;
				LD_RUNPATH_SEARCH_PATHS = (
					"$(inherited)",
					"@executable_path/Frameworks",
					"@loader_path/Frameworks",
				);
				PRODUCT_BUNDLE_IDENTIFIER = Petros.Dramaq2020Tests;
				PRODUCT_NAME = "$(TARGET_NAME)";
				SWIFT_VERSION = 5.0;
				TARGETED_DEVICE_FAMILY = "1,2";
				TEST_HOST = "$(BUILT_PRODUCTS_DIR)/Dramaq.app/Dramaq";
			};
			name = Debug;
		};
		1558BC7E24115ABB0072DB26 /* Release */ = {
			isa = XCBuildConfiguration;
			baseConfigurationReference = 5C6EB684FC708BF57AE0DDF5 /* Pods-Dramaq2020Tests.release.xcconfig */;
			buildSettings = {
				ALWAYS_EMBED_SWIFT_STANDARD_LIBRARIES = YES;
				BUNDLE_LOADER = "$(TEST_HOST)";
				CODE_SIGN_STYLE = Automatic;
				DEVELOPMENT_TEAM = ST2UTHBX5Z;
				INFOPLIST_FILE = Dramaq2020Tests/Info.plist;
				IPHONEOS_DEPLOYMENT_TARGET = 13.2;
				LD_RUNPATH_SEARCH_PATHS = (
					"$(inherited)",
					"@executable_path/Frameworks",
					"@loader_path/Frameworks",
				);
				PRODUCT_BUNDLE_IDENTIFIER = Petros.Dramaq2020Tests;
				PRODUCT_NAME = "$(TARGET_NAME)";
				SWIFT_VERSION = 5.0;
				TARGETED_DEVICE_FAMILY = "1,2";
				TEST_HOST = "$(BUILT_PRODUCTS_DIR)/Dramaq.app/Dramaq";
			};
			name = Release;
		};
		1558BC8024115ABB0072DB26 /* Debug */ = {
			isa = XCBuildConfiguration;
			baseConfigurationReference = 224DE2885E110D5B88559ED7 /* Pods-Dramaq2020-Dramaq2020UITests.debug.xcconfig */;
			buildSettings = {
				ALWAYS_EMBED_SWIFT_STANDARD_LIBRARIES = YES;
				CODE_SIGN_STYLE = Automatic;
				DEVELOPMENT_TEAM = ST2UTHBX5Z;
				INFOPLIST_FILE = Dramaq2020UITests/Info.plist;
				LD_RUNPATH_SEARCH_PATHS = (
					"$(inherited)",
					"@executable_path/Frameworks",
					"@loader_path/Frameworks",
				);
				PRODUCT_BUNDLE_IDENTIFIER = Petros.Dramaq2020UITests;
				PRODUCT_NAME = "$(TARGET_NAME)";
				SWIFT_VERSION = 5.0;
				TARGETED_DEVICE_FAMILY = "1,2";
				TEST_TARGET_NAME = Dramaq2020;
			};
			name = Debug;
		};
		1558BC8124115ABB0072DB26 /* Release */ = {
			isa = XCBuildConfiguration;
			baseConfigurationReference = EB90B8606423167D6657C25F /* Pods-Dramaq2020-Dramaq2020UITests.release.xcconfig */;
			buildSettings = {
				ALWAYS_EMBED_SWIFT_STANDARD_LIBRARIES = YES;
				CODE_SIGN_STYLE = Automatic;
				DEVELOPMENT_TEAM = ST2UTHBX5Z;
				INFOPLIST_FILE = Dramaq2020UITests/Info.plist;
				LD_RUNPATH_SEARCH_PATHS = (
					"$(inherited)",
					"@executable_path/Frameworks",
					"@loader_path/Frameworks",
				);
				PRODUCT_BUNDLE_IDENTIFIER = Petros.Dramaq2020UITests;
				PRODUCT_NAME = "$(TARGET_NAME)";
				SWIFT_VERSION = 5.0;
				TARGETED_DEVICE_FAMILY = "1,2";
				TEST_TARGET_NAME = Dramaq2020;
			};
			name = Release;
		};
/* End XCBuildConfiguration section */

/* Begin XCConfigurationList section */
		1558BC4A24115AB50072DB26 /* Build configuration list for PBXProject "Dramaq" */ = {
			isa = XCConfigurationList;
			buildConfigurations = (
				1558BC7724115ABB0072DB26 /* Debug */,
				1558BC7824115ABB0072DB26 /* Release */,
			);
			defaultConfigurationIsVisible = 0;
			defaultConfigurationName = Release;
		};
		1558BC7924115ABB0072DB26 /* Build configuration list for PBXNativeTarget "Dramaq" */ = {
			isa = XCConfigurationList;
			buildConfigurations = (
				1558BC7A24115ABB0072DB26 /* Debug */,
				1558BC7B24115ABB0072DB26 /* Release */,
			);
			defaultConfigurationIsVisible = 0;
			defaultConfigurationName = Release;
		};
		1558BC7C24115ABB0072DB26 /* Build configuration list for PBXNativeTarget "DramaqTests" */ = {
			isa = XCConfigurationList;
			buildConfigurations = (
				1558BC7D24115ABB0072DB26 /* Debug */,
				1558BC7E24115ABB0072DB26 /* Release */,
			);
			defaultConfigurationIsVisible = 0;
			defaultConfigurationName = Release;
		};
		1558BC7F24115ABB0072DB26 /* Build configuration list for PBXNativeTarget "DramaqUITests" */ = {
			isa = XCConfigurationList;
			buildConfigurations = (
				1558BC8024115ABB0072DB26 /* Debug */,
				1558BC8124115ABB0072DB26 /* Release */,
			);
			defaultConfigurationIsVisible = 0;
			defaultConfigurationName = Release;
		};
/* End XCConfigurationList section */
	};
	rootObject = 1558BC4724115AB50072DB26 /* Project object */;
}
